// !$*UTF8*$!
{
	archiveVersion = 1;
	classes = {
	};
	objectVersion = 48;
	objects = {

/* Begin PBXBuildFile section */
		A2482F311F72435D00FEF4DE /* ProcessRunner.m in Sources */ = {isa = PBXBuildFile; fileRef = A2482F2E1F72435D00FEF4DE /* ProcessRunner.m */; };
		A2482F321F72435D00FEF4DE /* XVimTaskRunner.m in Sources */ = {isa = PBXBuildFile; fileRef = A2482F301F72435D00FEF4DE /* XVimTaskRunner.m */; };
		A2482F4C1F725B6500FEF4DE /* StringUtil.m in Sources */ = {isa = PBXBuildFile; fileRef = A2482F4B1F725B6500FEF4DE /* StringUtil.m */; };
		A26E5C801F514686000BCC66 /* XVim2.xcplugin in CopyFiles */ = {isa = PBXBuildFile; fileRef = A26E5C731F5145AB000BCC66 /* XVim2.xcplugin */; };
		A27A7AEB2077BD68006A0E4F /* XVimUtil.m in Sources */ = {isa = PBXBuildFile; fileRef = A27A7AEA2077BD68006A0E4F /* XVimUtil.m */; };
		A287A8C71F55D637009378BC /* NSObject+ExtraData.m in Sources */ = {isa = PBXBuildFile; fileRef = A287A8C61F55D636009378BC /* NSObject+ExtraData.m */; };
		A2A298DC2070A962001B5F9E /* XcodeUtils.m in Sources */ = {isa = PBXBuildFile; fileRef = A2A298DB2070A962001B5F9E /* XcodeUtils.m */; };
		A2A9F9232070A7B500E7BB53 /* SourceEditorDataSourceWrapper.swift in Sources */ = {isa = PBXBuildFile; fileRef = A2A9F9202070A7B500E7BB53 /* SourceEditorDataSourceWrapper.swift */; };
		A2A9F9242070A7B500E7BB53 /* SourceCodeEditorViewWrapper.s in Sources */ = {isa = PBXBuildFile; fileRef = A2A9F9212070A7B500E7BB53 /* SourceCodeEditorViewWrapper.s */; };
		A2A9F9252070A7B500E7BB53 /* SourceCodeEditorViewWrapper.swift in Sources */ = {isa = PBXBuildFile; fileRef = A2A9F9222070A7B500E7BB53 /* SourceCodeEditorViewWrapper.swift */; };
		A2A9F9352070A84600E7BB53 /* SourceCodeEditorViewProxy.m in Sources */ = {isa = PBXBuildFile; fileRef = A2A9F9292070A84600E7BB53 /* SourceCodeEditorViewProxy.m */; };
		A2A9F9362070A84600E7BB53 /* SourceCodeEditorViewProxy+Operations.m in Sources */ = {isa = PBXBuildFile; fileRef = A2A9F9302070A84600E7BB53 /* SourceCodeEditorViewProxy+Operations.m */; };
		A2A9F9372070A84600E7BB53 /* SourceCodeEditorViewProxy+XVim.m in Sources */ = {isa = PBXBuildFile; fileRef = A2A9F9312070A84600E7BB53 /* SourceCodeEditorViewProxy+XVim.m */; };
		A2A9F9382070A84600E7BB53 /* IDEWorkspaceTabController+XVim.m in Sources */ = {isa = PBXBuildFile; fileRef = A2A9F9322070A84600E7BB53 /* IDEWorkspaceTabController+XVim.m */; };
		A2A9F9392070A84600E7BB53 /* SourceCodeEditorViewProxy+Scrolling.m in Sources */ = {isa = PBXBuildFile; fileRef = A2A9F9332070A84600E7BB53 /* SourceCodeEditorViewProxy+Scrolling.m */; };
		A2A9F93A2070A84600E7BB53 /* SourceCodeEditorViewProxy+Yank.m in Sources */ = {isa = PBXBuildFile; fileRef = A2A9F9342070A84600E7BB53 /* SourceCodeEditorViewProxy+Yank.m */; };
		A2A9F93E2070A85200E7BB53 /* XVimIDEPegasusSourceEditorView.m in Sources */ = {isa = PBXBuildFile; fileRef = A2A9F93C2070A85200E7BB53 /* XVimIDEPegasusSourceEditorView.m */; };
		A2B52D3F1F514CC600D83C0A /* Logger.m in Sources */ = {isa = PBXBuildFile; fileRef = A2B52D3B1F514CC600D83C0A /* Logger.m */; };
		A2B537B11F51C94400D83C0A /* NSObject+Swizzle.m in Sources */ = {isa = PBXBuildFile; fileRef = A2B537B01F51C94400D83C0A /* NSObject+Swizzle.m */; };
		A2FB1EE12077B65100D3E634 /* File.swift in Sources */ = {isa = PBXBuildFile; fileRef = A2FB1EE02077B65100D3E634 /* File.swift */; };
		ED0DED611F8C2CEC00886F6B /* XVimZEvaluator.m in Sources */ = {isa = PBXBuildFile; fileRef = ED0DED5D1F8C2CDD00886F6B /* XVimZEvaluator.m */; };
		ED0DED621F8C2E1D00886F6B /* XVimGVisualEvaluator.m in Sources */ = {isa = PBXBuildFile; fileRef = ED0DED601F8C2CDF00886F6B /* XVimGVisualEvaluator.m */; };
		ED0DED681F8C31FA00886F6B /* XVimCommandLineEvaluator.m in Sources */ = {isa = PBXBuildFile; fileRef = ED0DED661F8C31F900886F6B /* XVimCommandLineEvaluator.m */; };
		ED0DED6E1F8C37D200886F6B /* XVimHistoryHandler.m in Sources */ = {isa = PBXBuildFile; fileRef = ED0DED6D1F8C37D100886F6B /* XVimHistoryHandler.m */; };
		ED0DED711F8C3B0800886F6B /* XVimExCommand.m in Sources */ = {isa = PBXBuildFile; fileRef = ED0DED701F8C3B0700886F6B /* XVimExCommand.m */; };
		ED0DED741F8C3B6C00886F6B /* XVimSearch.m in Sources */ = {isa = PBXBuildFile; fileRef = ED0DED721F8C3B6B00886F6B /* XVimSearch.m */; };
		ED0DED771F8C3BF100886F6B /* XVimOptions.m in Sources */ = {isa = PBXBuildFile; fileRef = ED0DED751F8C3BF000886F6B /* XVimOptions.m */; };
		ED0DED7C1F8C418300886F6B /* XVimEval.m in Sources */ = {isa = PBXBuildFile; fileRef = ED0DED7A1F8C418100886F6B /* XVimEval.m */; };
		ED0DED7F1F8C41F100886F6B /* NSURL+XVimXcodeModule.m in Sources */ = {isa = PBXBuildFile; fileRef = ED0DED7E1F8C41F000886F6B /* NSURL+XVimXcodeModule.m */; };
		ED0DED821F8C444800886F6B /* NSColor+Extra.m in Sources */ = {isa = PBXBuildFile; fileRef = ED0DED801F8C444700886F6B /* NSColor+Extra.m */; };
		ED0DED851F8C47F300886F6B /* XVimReplacePromptEvaluator.m in Sources */ = {isa = PBXBuildFile; fileRef = ED0DED841F8C47F200886F6B /* XVimReplacePromptEvaluator.m */; };
		ED1286521F90B203007B6FC7 /* XVimAboutDialog.m in Sources */ = {isa = PBXBuildFile; fileRef = ED12864F1F90B1EB007B6FC7 /* XVimAboutDialog.m */; };
		ED1286531F90B22A007B6FC7 /* about.xib in Resources */ = {isa = PBXBuildFile; fileRef = ED1286501F90B1EB007B6FC7 /* about.xib */; };
		ED31C0C61F8164B800BE97B9 /* XVimInsertEvaluator.m in Sources */ = {isa = PBXBuildFile; fileRef = ED31C0C51F8164B800BE97B9 /* XVimInsertEvaluator.m */; };
		ED4382B11F85340200975127 /* XVimVisualEvaluator.m in Sources */ = {isa = PBXBuildFile; fileRef = ED4382AD1F85340100975127 /* XVimVisualEvaluator.m */; };
		ED5282A51F825974000794A1 /* XVimDeleteEvaluator.m in Sources */ = {isa = PBXBuildFile; fileRef = ED5282A41F82595F000794A1 /* XVimDeleteEvaluator.m */; };
		ED5282A81F8259CB000794A1 /* XVimOperatorEvaluator.m in Sources */ = {isa = PBXBuildFile; fileRef = ED5282A71F8259CB000794A1 /* XVimOperatorEvaluator.m */; };
		ED5282AB1F8259F5000794A1 /* XVimTextObjectEvaluator.m in Sources */ = {isa = PBXBuildFile; fileRef = ED5282AA1F8259F5000794A1 /* XVimTextObjectEvaluator.m */; };
		ED548FDA1F827EEC00A8069D /* XVimYankEvaluator.m in Sources */ = {isa = PBXBuildFile; fileRef = ED548FD91F827EEC00A8069D /* XVimYankEvaluator.m */; };
		ED548FDF1F8280B700A8069D /* XVimRegister.m in Sources */ = {isa = PBXBuildFile; fileRef = ED548FDD1F8280B700A8069D /* XVimRegister.m */; };
		ED548FE01F8280B700A8069D /* XVimRegisterEvaluator.m in Sources */ = {isa = PBXBuildFile; fileRef = ED548FDE1F8280B700A8069D /* XVimRegisterEvaluator.m */; };
		ED548FE61F82A9C900A8069D /* XVimReplaceEvaluator.m in Sources */ = {isa = PBXBuildFile; fileRef = ED548FE41F82A9C900A8069D /* XVimReplaceEvaluator.m */; };
		ED60EB871F82E4D4000CBF9C /* XVimTildeEvaluator.m in Sources */ = {isa = PBXBuildFile; fileRef = ED60EB861F82E4D4000CBF9C /* XVimTildeEvaluator.m */; };
		ED60EB8A1F82E5B9000CBF9C /* XVimUppercaseEvaluator.m in Sources */ = {isa = PBXBuildFile; fileRef = ED60EB881F82E5B9000CBF9C /* XVimUppercaseEvaluator.m */; };
		ED60EB8D1F82E5C5000CBF9C /* XVimLowercaseEvaluator.m in Sources */ = {isa = PBXBuildFile; fileRef = ED60EB8B1F82E5C5000CBF9C /* XVimLowercaseEvaluator.m */; };
		ED6276911F817CD5005F8274 /* XVimGActionEvaluator.m in Sources */ = {isa = PBXBuildFile; fileRef = ED62768D1F817CD4005F8274 /* XVimGActionEvaluator.m */; };
		ED6276921F817CD5005F8274 /* XVimGMotionEvaluator.m in Sources */ = {isa = PBXBuildFile; fileRef = ED6276901F817CD5005F8274 /* XVimGMotionEvaluator.m */; };
		ED6331C11F83719200E9E6B0 /* Geometry.m in Sources */ = {isa = PBXBuildFile; fileRef = ED6331BF1F83719200E9E6B0 /* Geometry.m */; };
		ED6331D71F837BC800E9E6B0 /* NSInsetTextView.m in Sources */ = {isa = PBXBuildFile; fileRef = ED6331D61F837BC800E9E6B0 /* NSInsetTextView.m */; };
		ED6331D81F83862600E9E6B0 /* XVimCommandLine.m in Sources */ = {isa = PBXBuildFile; fileRef = ED6331CF1F8379A700E9E6B0 /* XVimCommandLine.m */; };
		ED6331D91F83862900E9E6B0 /* XVimCommandField.m in Sources */ = {isa = PBXBuildFile; fileRef = ED6331D01F8379A700E9E6B0 /* XVimCommandField.m */; };
		ED6331DC1F83864E00E9E6B0 /* NSAttributedString+Geometrics.m in Sources */ = {isa = PBXBuildFile; fileRef = ED6331DA1F83864E00E9E6B0 /* NSAttributedString+Geometrics.m */; };
		ED6B8E4E1F80F896002F4A47 /* NSTextStorage+VimOperation.m in Sources */ = {isa = PBXBuildFile; fileRef = ED6B8E4A1F80F896002F4A47 /* NSTextStorage+VimOperation.m */; };
		ED6BCEE21F83F019003517EB /* XVimJoinEvaluator.m in Sources */ = {isa = PBXBuildFile; fileRef = ED6BCEE11F83F019003517EB /* XVimJoinEvaluator.m */; };
		ED9CF2D71F6EFA2A00908DFB /* XVimNormalEvaluator.m in Sources */ = {isa = PBXBuildFile; fileRef = ED9CF2D61F6EFA2A00908DFB /* XVimNormalEvaluator.m */; };
		EDB7F6031F6D8CE5007E0C41 /* rd_route.c in Sources */ = {isa = PBXBuildFile; fileRef = EDB7F6011F6D8CE5007E0C41 /* rd_route.c */; };
		EDB8EF4F1F91F8DA004188F5 /* XVimConstants.m in Sources */ = {isa = PBXBuildFile; fileRef = EDB8EF4E1F91F8DA004188F5 /* XVimConstants.m */; };
		EDCAF9A41F8CC33C003F1C58 /* XVimEqualEvaluator.m in Sources */ = {isa = PBXBuildFile; fileRef = EDCAF9A21F8CC33A003F1C58 /* XVimEqualEvaluator.m */; };
		EDD27BA51F9B5EB30006471C /* XVimTester+Operator.m in Sources */ = {isa = PBXBuildFile; fileRef = EDD27B971F9B5EB30006471C /* XVimTester+Operator.m */; };
		EDD27BA61F9B5EB30006471C /* XVimTester+Issues.m in Sources */ = {isa = PBXBuildFile; fileRef = EDD27B981F9B5EB30006471C /* XVimTester+Issues.m */; };
		EDD27BA71F9B5EB30006471C /* XVimTester+Mark.m in Sources */ = {isa = PBXBuildFile; fileRef = EDD27B991F9B5EB30006471C /* XVimTester+Mark.m */; };
		EDD27BA81F9B5EB30006471C /* XVimTester+Motion.m in Sources */ = {isa = PBXBuildFile; fileRef = EDD27B9A1F9B5EB30006471C /* XVimTester+Motion.m */; };
		EDD27BA91F9B5EB30006471C /* XVimTester+Search.m in Sources */ = {isa = PBXBuildFile; fileRef = EDD27B9C1F9B5EB30006471C /* XVimTester+Search.m */; };
		EDD27BAA1F9B5EB30006471C /* XVimTester+Register.m in Sources */ = {isa = PBXBuildFile; fileRef = EDD27B9D1F9B5EB30006471C /* XVimTester+Register.m */; };
		EDD27BAB1F9B5EB30006471C /* XVimTester+map.m in Sources */ = {isa = PBXBuildFile; fileRef = EDD27B9E1F9B5EB30006471C /* XVimTester+map.m */; };
		EDD27BAC1F9B5EB30006471C /* XVimTester+Options.m in Sources */ = {isa = PBXBuildFile; fileRef = EDD27B9F1F9B5EB30006471C /* XVimTester+Options.m */; };
		EDD27BAD1F9B5EB30006471C /* XVimTester+TextObject.m in Sources */ = {isa = PBXBuildFile; fileRef = EDD27BA01F9B5EB30006471C /* XVimTester+TextObject.m */; };
		EDD27BAE1F9B5EB30006471C /* XVimTester+Jump.m in Sources */ = {isa = PBXBuildFile; fileRef = EDD27BA11F9B5EB30006471C /* XVimTester+Jump.m */; };
		EDD27BAF1F9B5EB30006471C /* XVimTestCase.m in Sources */ = {isa = PBXBuildFile; fileRef = EDD27BA21F9B5EB30006471C /* XVimTestCase.m */; };
		EDD27BB01F9B5EB30006471C /* XVimTester+Visual.m in Sources */ = {isa = PBXBuildFile; fileRef = EDD27BA31F9B5EB30006471C /* XVimTester+Visual.m */; };
		EDD27BB11F9B5EB30006471C /* XVimTester+ExCmd.m in Sources */ = {isa = PBXBuildFile; fileRef = EDD27BA41F9B5EB30006471C /* XVimTester+ExCmd.m */; };
		EDD27BB51F9B5F140006471C /* XVimTester+Recording.m in Sources */ = {isa = PBXBuildFile; fileRef = EDD27BB21F9B5F130006471C /* XVimTester+Recording.m */; };
		EDD27BB61F9B5F140006471C /* XVimTester.m in Sources */ = {isa = PBXBuildFile; fileRef = EDD27BB41F9B5F130006471C /* XVimTester.m */; };
		EDDF5D0C1F83A85B00872094 /* XVimWindowEvaluator.m in Sources */ = {isa = PBXBuildFile; fileRef = EDDF5D081F83A85A00872094 /* XVimWindowEvaluator.m */; };
		EDEF0F241F84DB570087D30B /* XVimShiftEvaluator.m in Sources */ = {isa = PBXBuildFile; fileRef = EDEF0F231F84DB570087D30B /* XVimShiftEvaluator.m */; };
		EDF010671F6EEFFC00461B2C /* XVimArgumentEvaluator.m in Sources */ = {isa = PBXBuildFile; fileRef = EDF010531F6EEF0F00461B2C /* XVimArgumentEvaluator.m */; };
		EDF010681F6EEFFC00461B2C /* XVimEvaluator.m in Sources */ = {isa = PBXBuildFile; fileRef = EDF010551F6EEF0F00461B2C /* XVimEvaluator.m */; };
		EDF010691F6EEFFC00461B2C /* XVimKeymap.m in Sources */ = {isa = PBXBuildFile; fileRef = EDF010661F6EEF1000461B2C /* XVimKeymap.m */; };
		EDF0106A1F6EEFFC00461B2C /* XVimKeyStroke.m in Sources */ = {isa = PBXBuildFile; fileRef = EDF0105D1F6EEF1000461B2C /* XVimKeyStroke.m */; };
		EDF0106B1F6EEFFC00461B2C /* XVimMotion.m in Sources */ = {isa = PBXBuildFile; fileRef = EDF0105B1F6EEF1000461B2C /* XVimMotion.m */; };
		EDF0106C1F6EEFFC00461B2C /* XVimMotionEvaluator.m in Sources */ = {isa = PBXBuildFile; fileRef = EDF010601F6EEF1000461B2C /* XVimMotionEvaluator.m */; };
		EDF0106D1F6EEFFC00461B2C /* XVimNumericEvaluator.m in Sources */ = {isa = PBXBuildFile; fileRef = EDF0105A1F6EEF1000461B2C /* XVimNumericEvaluator.m */; };
		EDF0106E1F6EEFFC00461B2C /* XVimWindow.m in Sources */ = {isa = PBXBuildFile; fileRef = EDF010581F6EEF0F00461B2C /* XVimWindow.m */; };
		EDF010731F6EF05E00461B2C /* NSString+VimHelper.m in Sources */ = {isa = PBXBuildFile; fileRef = EDF010711F6EF05E00461B2C /* NSString+VimHelper.m */; };
		EDF010741F6EF05E00461B2C /* NSEvent+VimHelper.m in Sources */ = {isa = PBXBuildFile; fileRef = EDF010721F6EF05E00461B2C /* NSEvent+VimHelper.m */; };
		EDF010771F6EF16600461B2C /* XVim.m in Sources */ = {isa = PBXBuildFile; fileRef = EDF010761F6EF16600461B2C /* XVim.m */; };
		EDFA14951F8564DB0039B439 /* XVimMark.m in Sources */ = {isa = PBXBuildFile; fileRef = EDFA148F1F8564D90039B439 /* XVimMark.m */; };
		EDFA14961F8564DB0039B439 /* XVimMarks.m in Sources */ = {isa = PBXBuildFile; fileRef = EDFA14941F8564DA0039B439 /* XVimMarks.m */; };
		EDFAA30C1F85660A002100CE /* XVimMarkSetEvaluator.m in Sources */ = {isa = PBXBuildFile; fileRef = EDFAA3081F8565F2002100CE /* XVimMarkSetEvaluator.m */; };
/* End PBXBuildFile section */

/* Begin PBXCopyFilesBuildPhase section */
		A26E5C7F1F51466B000BCC66 /* CopyFiles */ = {
			isa = PBXCopyFilesBuildPhase;
			buildActionMask = 2147483647;
			dstPath = "~/Library/Application Support/Developer/Shared/Xcode/Plug-ins";
			dstSubfolderSpec = 0;
			files = (
				A26E5C801F514686000BCC66 /* XVim2.xcplugin in CopyFiles */,
			);
			runOnlyForDeploymentPostprocessing = 0;
		};
/* End PBXCopyFilesBuildPhase section */

/* Begin PBXFileReference section */
		A2482F2D1F72435D00FEF4DE /* ProcessRunner.h */ = {isa = PBXFileReference; fileEncoding = 4; lastKnownFileType = sourcecode.c.h; path = ProcessRunner.h; sourceTree = "<group>"; };
		A2482F2E1F72435D00FEF4DE /* ProcessRunner.m */ = {isa = PBXFileReference; fileEncoding = 4; lastKnownFileType = sourcecode.c.objc; path = ProcessRunner.m; sourceTree = "<group>"; };
		A2482F2F1F72435D00FEF4DE /* XVimTaskRunner.h */ = {isa = PBXFileReference; fileEncoding = 4; lastKnownFileType = sourcecode.c.h; path = XVimTaskRunner.h; sourceTree = "<group>"; };
		A2482F301F72435D00FEF4DE /* XVimTaskRunner.m */ = {isa = PBXFileReference; fileEncoding = 4; lastKnownFileType = sourcecode.c.objc; path = XVimTaskRunner.m; sourceTree = "<group>"; };
		A2482F4A1F725B6500FEF4DE /* StringUtil.h */ = {isa = PBXFileReference; lastKnownFileType = sourcecode.c.h; path = StringUtil.h; sourceTree = "<group>"; };
		A2482F4B1F725B6500FEF4DE /* StringUtil.m */ = {isa = PBXFileReference; lastKnownFileType = sourcecode.c.objc; path = StringUtil.m; sourceTree = "<group>"; };
		A26E5C731F5145AB000BCC66 /* XVim2.xcplugin */ = {isa = PBXFileReference; explicitFileType = wrapper.cfbundle; includeInIndex = 0; path = XVim2.xcplugin; sourceTree = BUILT_PRODUCTS_DIR; };
		A27A7AE92077BD68006A0E4F /* XVimUtil.h */ = {isa = PBXFileReference; lastKnownFileType = sourcecode.c.h; path = XVimUtil.h; sourceTree = "<group>"; };
		A27A7AEA2077BD68006A0E4F /* XVimUtil.m */ = {isa = PBXFileReference; lastKnownFileType = sourcecode.c.objc; path = XVimUtil.m; sourceTree = "<group>"; };
		A2835A3D206FCCFC00332BFA /* _TtC15IDESourceEditor45SourceCodeInvocationGeniusResultNavigableItem.h */ = {isa = PBXFileReference; fileEncoding = 4; lastKnownFileType = sourcecode.c.h; path = _TtC15IDESourceEditor45SourceCodeInvocationGeniusResultNavigableItem.h; sourceTree = "<group>"; };
		A2835A40206FCCFC00332BFA /* _TtC15IDESourceEditor19IDESourceEditorView-IDESourceEditor1.h */ = {isa = PBXFileReference; fileEncoding = 4; lastKnownFileType = sourcecode.c.h; path = "_TtC15IDESourceEditor19IDESourceEditorView-IDESourceEditor1.h"; sourceTree = "<group>"; };
		A2835A47206FCCFC00332BFA /* _TtC15IDESourceEditor18SourceCodeDocument-IDESourceEditor1.h */ = {isa = PBXFileReference; fileEncoding = 4; lastKnownFileType = sourcecode.c.h; path = "_TtC15IDESourceEditor18SourceCodeDocument-IDESourceEditor1.h"; sourceTree = "<group>"; };
		A2835A48206FCCFC00332BFA /* __T012SourceEditor0aB4ViewCN-IDESourceEditor.h */ = {isa = PBXFileReference; fileEncoding = 4; lastKnownFileType = sourcecode.c.h; path = "__T012SourceEditor0aB4ViewCN-IDESourceEditor.h"; sourceTree = "<group>"; };
		A2835A5D206FCCFC00332BFA /* _TtC15IDESourceEditor18SourceCodeDocument.h */ = {isa = PBXFileReference; fileEncoding = 4; lastKnownFileType = sourcecode.c.h; path = _TtC15IDESourceEditor18SourceCodeDocument.h; sourceTree = "<group>"; };
		A2835A68206FCCFC00332BFA /* __T012SourceEditor0aB11ContentViewCN-IDESourceEditor.h */ = {isa = PBXFileReference; fileEncoding = 4; lastKnownFileType = sourcecode.c.h; path = "__T012SourceEditor0aB11ContentViewCN-IDESourceEditor.h"; sourceTree = "<group>"; };
		A2835A6D206FCCFC00332BFA /* _TtC15IDESourceEditor19IDESourceEditorView-IDESourceEditor2.h */ = {isa = PBXFileReference; fileEncoding = 4; lastKnownFileType = sourcecode.c.h; path = "_TtC15IDESourceEditor19IDESourceEditorView-IDESourceEditor2.h"; sourceTree = "<group>"; };
		A2835A77206FCCFC00332BFA /* _TtC15IDESourceEditor18SourceCodeDocument-IDESourceEditor2.h */ = {isa = PBXFileReference; fileEncoding = 4; lastKnownFileType = sourcecode.c.h; path = "_TtC15IDESourceEditor18SourceCodeDocument-IDESourceEditor2.h"; sourceTree = "<group>"; };
		A2835A78206FCCFC00332BFA /* _TtC15IDESourceEditor19IDESourceEditorView-IDESourceEditor.h */ = {isa = PBXFileReference; fileEncoding = 4; lastKnownFileType = sourcecode.c.h; path = "_TtC15IDESourceEditor19IDESourceEditorView-IDESourceEditor.h"; sourceTree = "<group>"; };
		A2835A8D206FCCFC00332BFA /* _TtC15IDESourceEditor16SourceCodeEditor.h */ = {isa = PBXFileReference; fileEncoding = 4; lastKnownFileType = sourcecode.c.h; path = _TtC15IDESourceEditor16SourceCodeEditor.h; sourceTree = "<group>"; };
		A2835A96206FCCFC00332BFA /* _TtC15IDESourceEditor16SourceCodeEditor-IDESourceEditor.h */ = {isa = PBXFileReference; fileEncoding = 4; lastKnownFileType = sourcecode.c.h; path = "_TtC15IDESourceEditor16SourceCodeEditor-IDESourceEditor.h"; sourceTree = "<group>"; };
		A2835A9D206FCCFC00332BFA /* _TtC15IDESourceEditor19IDESourceEditorView-IDESourceEditor3.h */ = {isa = PBXFileReference; fileEncoding = 4; lastKnownFileType = sourcecode.c.h; path = "_TtC15IDESourceEditor19IDESourceEditorView-IDESourceEditor3.h"; sourceTree = "<group>"; };
		A2835AA1206FCCFC00332BFA /* _TtC15IDESourceEditor16SourceCodeEditor-IDESourceEditor2.h */ = {isa = PBXFileReference; fileEncoding = 4; lastKnownFileType = sourcecode.c.h; path = "_TtC15IDESourceEditor16SourceCodeEditor-IDESourceEditor2.h"; sourceTree = "<group>"; };
		A2835AA9206FCCFC00332BFA /* _TtC15IDESourceEditor18SourceCodeDocument-IDESourceEditor3.h */ = {isa = PBXFileReference; fileEncoding = 4; lastKnownFileType = sourcecode.c.h; path = "_TtC15IDESourceEditor18SourceCodeDocument-IDESourceEditor3.h"; sourceTree = "<group>"; };
		A2835AC1206FCCFC00332BFA /* _TtC15IDESourceEditor19IDESourceEditorView-IDESourceEditor4.h */ = {isa = PBXFileReference; fileEncoding = 4; lastKnownFileType = sourcecode.c.h; path = "_TtC15IDESourceEditor19IDESourceEditorView-IDESourceEditor4.h"; sourceTree = "<group>"; };
		A2835AC3206FCCFC00332BFA /* _TtC15IDESourceEditor19IDESourceEditorView.h */ = {isa = PBXFileReference; fileEncoding = 4; lastKnownFileType = sourcecode.c.h; path = _TtC15IDESourceEditor19IDESourceEditorView.h; sourceTree = "<group>"; };
		A2835AD0206FCCFC00332BFA /* _TtC15IDESourceEditor16SourceCodeEditor-IDESourceEditor1.h */ = {isa = PBXFileReference; fileEncoding = 4; lastKnownFileType = sourcecode.c.h; path = "_TtC15IDESourceEditor16SourceCodeEditor-IDESourceEditor1.h"; sourceTree = "<group>"; };
		A2835AD9206FCCFC00332BFA /* _TtC15IDESourceEditor18SourceCodeDocument-IDESourceEditor4.h */ = {isa = PBXFileReference; fileEncoding = 4; lastKnownFileType = sourcecode.c.h; path = "_TtC15IDESourceEditor18SourceCodeDocument-IDESourceEditor4.h"; sourceTree = "<group>"; };
		A2835ADC206FCCFC00332BFA /* _TtC15IDESourceEditor29SourceCodeEditorContainerView.h */ = {isa = PBXFileReference; fileEncoding = 4; lastKnownFileType = sourcecode.c.h; path = _TtC15IDESourceEditor29SourceCodeEditorContainerView.h; sourceTree = "<group>"; };
		A2835B17206FCCFC00332BFA /* _TtC12SourceEditor22SourceEditorDataSource.h */ = {isa = PBXFileReference; fileEncoding = 4; lastKnownFileType = sourcecode.c.h; path = _TtC12SourceEditor22SourceEditorDataSource.h; sourceTree = "<group>"; };
		A2835B1C206FCCFC00332BFA /* _TtC12SourceEditor23SourceEditorUndoManager.h */ = {isa = PBXFileReference; fileEncoding = 4; lastKnownFileType = sourcecode.c.h; path = _TtC12SourceEditor23SourceEditorUndoManager.h; sourceTree = "<group>"; };
		A2835B1F206FCCFC00332BFA /* _TtC12SourceEditor23SourceEditorContentView.h */ = {isa = PBXFileReference; fileEncoding = 4; lastKnownFileType = sourcecode.c.h; path = _TtC12SourceEditor23SourceEditorContentView.h; sourceTree = "<group>"; };
		A2835B2E206FCCFC00332BFA /* SourceEditorScrollView.h */ = {isa = PBXFileReference; fileEncoding = 4; lastKnownFileType = sourcecode.c.h; path = SourceEditorScrollView.h; sourceTree = "<group>"; };
		A2835B71206FCCFD00332BFA /* _TtC12SourceEditor16SourceEditorView.h */ = {isa = PBXFileReference; fileEncoding = 4; lastKnownFileType = sourcecode.c.h; path = _TtC12SourceEditor16SourceEditorView.h; sourceTree = "<group>"; };
		A2835BAE206FE0FF00332BFA /* _TtCC15DVTSourceEditor22EditorSourceKitServiceP33_67BEF26930717E2ED8344466E25DFE5F17RequestDispatcher.h */ = {isa = PBXFileReference; fileEncoding = 4; lastKnownFileType = sourcecode.c.h; path = _TtCC15DVTSourceEditor22EditorSourceKitServiceP33_67BEF26930717E2ED8344466E25DFE5F17RequestDispatcher.h; sourceTree = "<group>"; };
		A2835BAF206FE0FF00332BFA /* DVTFindPatternManager-Protocol.h */ = {isa = PBXFileReference; fileEncoding = 4; lastKnownFileType = sourcecode.c.h; path = "DVTFindPatternManager-Protocol.h"; sourceTree = "<group>"; };
		A2835BB0206FE0FF00332BFA /* _TtC15DVTSourceEditor25DVTSourceEditorMarkupView.h */ = {isa = PBXFileReference; fileEncoding = 4; lastKnownFileType = sourcecode.c.h; path = _TtC15DVTSourceEditor25DVTSourceEditorMarkupView.h; sourceTree = "<group>"; };
		A2835BB1206FE0FF00332BFA /* __T012SourceEditor0aB6GutterCN-DVTSourceEditor.h */ = {isa = PBXFileReference; fileEncoding = 4; lastKnownFileType = sourcecode.c.h; path = "__T012SourceEditor0aB6GutterCN-DVTSourceEditor.h"; sourceTree = "<group>"; };
		A2835BB2206FE0FF00332BFA /* DVTSourceEditorPatternSearchField.h */ = {isa = PBXFileReference; fileEncoding = 4; lastKnownFileType = sourcecode.c.h; path = DVTSourceEditorPatternSearchField.h; sourceTree = "<group>"; };
		A2835BB3206FE0FF00332BFA /* _TtC15DVTSourceEditorP33_97DC68711F590B15DCBEF5DB87A725AD32SourceCodeDiffDataSourceObserver.h */ = {isa = PBXFileReference; fileEncoding = 4; lastKnownFileType = sourcecode.c.h; path = _TtC15DVTSourceEditorP33_97DC68711F590B15DCBEF5DB87A725AD32SourceCodeDiffDataSourceObserver.h; sourceTree = "<group>"; };
		A2835BB4206FE0FF00332BFA /* _TtC15DVTSourceEditor23DVTSourceEditorLandmark.h */ = {isa = PBXFileReference; fileEncoding = 4; lastKnownFileType = sourcecode.c.h; path = _TtC15DVTSourceEditor23DVTSourceEditorLandmark.h; sourceTree = "<group>"; };
		A2835BB5206FE0FF00332BFA /* _TtC15DVTSourceEditor26DVTSourceEditorLanguageSet.h */ = {isa = PBXFileReference; fileEncoding = 4; lastKnownFileType = sourcecode.c.h; path = _TtC15DVTSourceEditor26DVTSourceEditorLanguageSet.h; sourceTree = "<group>"; };
		A2835BB6206FE0FF00332BFA /* DVTSourceEditorPatternSearchFieldCell.h */ = {isa = PBXFileReference; fileEncoding = 4; lastKnownFileType = sourcecode.c.h; path = DVTSourceEditorPatternSearchFieldCell.h; sourceTree = "<group>"; };
		A2835BB7206FE0FF00332BFA /* _TtC15DVTSourceEditor27DVTSourceEditorMarkupStyles.h */ = {isa = PBXFileReference; fileEncoding = 4; lastKnownFileType = sourcecode.c.h; path = _TtC15DVTSourceEditor27DVTSourceEditorMarkupStyles.h; sourceTree = "<group>"; };
		A2835BB8206FE0FF00332BFA /* DVTInvalidation-Protocol.h */ = {isa = PBXFileReference; fileEncoding = 4; lastKnownFileType = sourcecode.c.h; path = "DVTInvalidation-Protocol.h"; sourceTree = "<group>"; };
		A2835BB9206FE0FF00332BFA /* _TtC15DVTSourceEditor22EditorSourceKitService.h */ = {isa = PBXFileReference; fileEncoding = 4; lastKnownFileType = sourcecode.c.h; path = _TtC15DVTSourceEditor22EditorSourceKitService.h; sourceTree = "<group>"; };
		A2835BBA206FE0FF00332BFA /* DVTSourceEditorFindPatternPanel-Protocol.h */ = {isa = PBXFileReference; fileEncoding = 4; lastKnownFileType = sourcecode.c.h; path = "DVTSourceEditorFindPatternPanel-Protocol.h"; sourceTree = "<group>"; };
		A2835BBB206FE0FF00332BFA /* _TtC15DVTSourceEditor28DVTSourceEditorTextFindPanel.h */ = {isa = PBXFileReference; fileEncoding = 4; lastKnownFileType = sourcecode.c.h; path = _TtC15DVTSourceEditor28DVTSourceEditorTextFindPanel.h; sourceTree = "<group>"; };
		A2835BBC206FE0FF00332BFA /* _TtC15DVTSourceEditor20DVTSourceEditorTheme.h */ = {isa = PBXFileReference; fileEncoding = 4; lastKnownFileType = sourcecode.c.h; path = _TtC15DVTSourceEditor20DVTSourceEditorTheme.h; sourceTree = "<group>"; };
		A2835BBE206FE0FF00332BFA /* DVTFindPatternField-Protocol.h */ = {isa = PBXFileReference; fileEncoding = 4; lastKnownFileType = sourcecode.c.h; path = "DVTFindPatternField-Protocol.h"; sourceTree = "<group>"; };
		A2835BBF206FE0FF00332BFA /* __T012SourceEditor0ab4DataA0CN-DVTSourceEditor.h */ = {isa = PBXFileReference; fileEncoding = 4; lastKnownFileType = sourcecode.c.h; path = "__T012SourceEditor0ab4DataA0CN-DVTSourceEditor.h"; sourceTree = "<group>"; };
		A2835BC2206FE0FF00332BFA /* _TtC15DVTSourceEditor28DVTSourceEditorTextFindField.h */ = {isa = PBXFileReference; fileEncoding = 4; lastKnownFileType = sourcecode.c.h; path = _TtC15DVTSourceEditor28DVTSourceEditorTextFindField.h; sourceTree = "<group>"; };
		A2835BC6206FE0FF00332BFA /* _TtC15DVTSourceEditor26DVTSourceEditorUndoManager.h */ = {isa = PBXFileReference; fileEncoding = 4; lastKnownFileType = sourcecode.c.h; path = _TtC15DVTSourceEditor26DVTSourceEditorUndoManager.h; sourceTree = "<group>"; };
		A2835BC7206FE0FF00332BFA /* _TtC15DVTSourceEditor32DVTSourceEditorTextFindFieldCell.h */ = {isa = PBXFileReference; fileEncoding = 4; lastKnownFileType = sourcecode.c.h; path = _TtC15DVTSourceEditor32DVTSourceEditorTextFindFieldCell.h; sourceTree = "<group>"; };
		A2835BC8206FE0FF00332BFA /* _TtC15DVTSourceEditor26DVTPegasusSourceEditorView.h */ = {isa = PBXFileReference; fileEncoding = 4; lastKnownFileType = sourcecode.c.h; path = _TtC15DVTSourceEditor26DVTPegasusSourceEditorView.h; sourceTree = "<group>"; };
		A2835BC9206FE0FF00332BFA /* _TtP12SourceEditor34SourceEditorTextFindPanelFieldType_-Protocol.h */ = {isa = PBXFileReference; fileEncoding = 4; lastKnownFileType = sourcecode.c.h; path = "_TtP12SourceEditor34SourceEditorTextFindPanelFieldType_-Protocol.h"; sourceTree = "<group>"; };
		A2835BCA206FE0FF00332BFA /* DVTSourceLandmarkItemProtocol-Protocol.h */ = {isa = PBXFileReference; fileEncoding = 4; lastKnownFileType = sourcecode.c.h; path = "DVTSourceLandmarkItemProtocol-Protocol.h"; sourceTree = "<group>"; };
		A2835BCC206FE0FF00332BFA /* _TtC15DVTSourceEditor44DVTSourceEditorPrintPanelAccessoryController.h */ = {isa = PBXFileReference; fileEncoding = 4; lastKnownFileType = sourcecode.c.h; path = _TtC15DVTSourceEditor44DVTSourceEditorPrintPanelAccessoryController.h; sourceTree = "<group>"; };
		A2835BCD206FE0FF00332BFA /* _TtC15DVTSourceEditor29DVTSourceEditorDiffDataSource.h */ = {isa = PBXFileReference; fileEncoding = 4; lastKnownFileType = sourcecode.c.h; path = _TtC15DVTSourceEditor29DVTSourceEditorDiffDataSource.h; sourceTree = "<group>"; };
		A2835BCE206FE0FF00332BFA /* _TtC15DVTSourceEditor23DVTSourceEditorLandmark-DVTSourceEditor.h */ = {isa = PBXFileReference; fileEncoding = 4; lastKnownFileType = sourcecode.c.h; path = "_TtC15DVTSourceEditor23DVTSourceEditorLandmark-DVTSourceEditor.h"; sourceTree = "<group>"; };
		A2835BCF206FE0FF00332BFA /* DVTLineRangeCharacterRangeConverter-Protocol.h */ = {isa = PBXFileReference; fileEncoding = 4; lastKnownFileType = sourcecode.c.h; path = "DVTLineRangeCharacterRangeConverter-Protocol.h"; sourceTree = "<group>"; };
		A287A8C51F55D636009378BC /* NSObject+ExtraData.h */ = {isa = PBXFileReference; fileEncoding = 4; lastKnownFileType = sourcecode.c.h; path = "NSObject+ExtraData.h"; sourceTree = "<group>"; };
		A287A8C61F55D636009378BC /* NSObject+ExtraData.m */ = {isa = PBXFileReference; fileEncoding = 4; lastKnownFileType = sourcecode.c.objc; path = "NSObject+ExtraData.m"; sourceTree = "<group>"; };
		A2A298DA2070A962001B5F9E /* XcodeUtils.h */ = {isa = PBXFileReference; fileEncoding = 4; lastKnownFileType = sourcecode.c.h; name = XcodeUtils.h; path = XVim2/Xcode/XcodeUtils.h; sourceTree = SOURCE_ROOT; };
		A2A298DB2070A962001B5F9E /* XcodeUtils.m */ = {isa = PBXFileReference; fileEncoding = 4; lastKnownFileType = sourcecode.c.objc; name = XcodeUtils.m; path = XVim2/Xcode/XcodeUtils.m; sourceTree = SOURCE_ROOT; };
		A2A298DD2070AB71001B5F9E /* SourceViewProtocol.h */ = {isa = PBXFileReference; fileEncoding = 4; lastKnownFileType = sourcecode.c.h; path = SourceViewProtocol.h; sourceTree = "<group>"; };
		A2A9F9202070A7B500E7BB53 /* SourceEditorDataSourceWrapper.swift */ = {isa = PBXFileReference; fileEncoding = 4; lastKnownFileType = sourcecode.swift; name = SourceEditorDataSourceWrapper.swift; path = XVim2/Xcode/Swift/SourceEditorDataSourceWrapper.swift; sourceTree = SOURCE_ROOT; };
		A2A9F9212070A7B500E7BB53 /* SourceCodeEditorViewWrapper.s */ = {isa = PBXFileReference; fileEncoding = 4; lastKnownFileType = sourcecode.asm; name = SourceCodeEditorViewWrapper.s; path = XVim2/Xcode/Swift/SourceCodeEditorViewWrapper.s; sourceTree = SOURCE_ROOT; };
		A2A9F9222070A7B500E7BB53 /* SourceCodeEditorViewWrapper.swift */ = {isa = PBXFileReference; fileEncoding = 4; lastKnownFileType = sourcecode.swift; name = SourceCodeEditorViewWrapper.swift; path = XVim2/Xcode/Swift/SourceCodeEditorViewWrapper.swift; sourceTree = SOURCE_ROOT; };
		A2A9F9272070A84600E7BB53 /* IDEWorkspaceTabController+XVim.h */ = {isa = PBXFileReference; fileEncoding = 4; lastKnownFileType = sourcecode.c.h; name = "IDEWorkspaceTabController+XVim.h"; path = "XVim2/Xcode/IDEWorkspaceTabController+XVim.h"; sourceTree = SOURCE_ROOT; };
		A2A9F9282070A84600E7BB53 /* SourceCodeEditorViewProxy.h */ = {isa = PBXFileReference; fileEncoding = 4; lastKnownFileType = sourcecode.c.h; name = SourceCodeEditorViewProxy.h; path = XVim2/Xcode/SourceCodeEditorViewProxy.h; sourceTree = SOURCE_ROOT; };
		A2A9F9292070A84600E7BB53 /* SourceCodeEditorViewProxy.m */ = {isa = PBXFileReference; fileEncoding = 4; lastKnownFileType = sourcecode.c.objc; name = SourceCodeEditorViewProxy.m; path = XVim2/Xcode/SourceCodeEditorViewProxy.m; sourceTree = SOURCE_ROOT; };
		A2A9F92A2070A84600E7BB53 /* SourceCodeEditorViewProxy+Yank.h */ = {isa = PBXFileReference; fileEncoding = 4; lastKnownFileType = sourcecode.c.h; name = "SourceCodeEditorViewProxy+Yank.h"; path = "XVim2/Xcode/SourceCodeEditorViewProxy+Yank.h"; sourceTree = SOURCE_ROOT; };
		A2A9F92B2070A84600E7BB53 /* SourceCodeEditorViewProxy+Scrolling.h */ = {isa = PBXFileReference; fileEncoding = 4; lastKnownFileType = sourcecode.c.h; name = "SourceCodeEditorViewProxy+Scrolling.h"; path = "XVim2/Xcode/SourceCodeEditorViewProxy+Scrolling.h"; sourceTree = SOURCE_ROOT; };
		A2A9F92C2070A84600E7BB53 /* SourceCodeEditorViewProxy+XVim.h */ = {isa = PBXFileReference; fileEncoding = 4; lastKnownFileType = sourcecode.c.h; name = "SourceCodeEditorViewProxy+XVim.h"; path = "XVim2/Xcode/SourceCodeEditorViewProxy+XVim.h"; sourceTree = SOURCE_ROOT; };
		A2A9F92D2070A84600E7BB53 /* _TtC12SourceEditor16SourceEditorView+XVim.h */ = {isa = PBXFileReference; fileEncoding = 4; lastKnownFileType = sourcecode.c.h; name = "_TtC12SourceEditor16SourceEditorView+XVim.h"; path = "XVim2/Xcode/_TtC12SourceEditor16SourceEditorView+XVim.h"; sourceTree = SOURCE_ROOT; };
		A2A9F92E2070A84600E7BB53 /* _TtC15IDESourceEditor19IDESourceEditorView+XVim.h */ = {isa = PBXFileReference; fileEncoding = 4; lastKnownFileType = sourcecode.c.h; name = "_TtC15IDESourceEditor19IDESourceEditorView+XVim.h"; path = "XVim2/Xcode/_TtC15IDESourceEditor19IDESourceEditorView+XVim.h"; sourceTree = SOURCE_ROOT; };
		A2A9F92F2070A84600E7BB53 /* SourceCodeEditorViewProxy+Operations.h */ = {isa = PBXFileReference; fileEncoding = 4; lastKnownFileType = sourcecode.c.h; name = "SourceCodeEditorViewProxy+Operations.h"; path = "XVim2/Xcode/SourceCodeEditorViewProxy+Operations.h"; sourceTree = SOURCE_ROOT; };
		A2A9F9302070A84600E7BB53 /* SourceCodeEditorViewProxy+Operations.m */ = {isa = PBXFileReference; fileEncoding = 4; lastKnownFileType = sourcecode.c.objc; name = "SourceCodeEditorViewProxy+Operations.m"; path = "XVim2/Xcode/SourceCodeEditorViewProxy+Operations.m"; sourceTree = SOURCE_ROOT; };
		A2A9F9312070A84600E7BB53 /* SourceCodeEditorViewProxy+XVim.m */ = {isa = PBXFileReference; fileEncoding = 4; lastKnownFileType = sourcecode.c.objc; name = "SourceCodeEditorViewProxy+XVim.m"; path = "XVim2/Xcode/SourceCodeEditorViewProxy+XVim.m"; sourceTree = SOURCE_ROOT; };
		A2A9F9322070A84600E7BB53 /* IDEWorkspaceTabController+XVim.m */ = {isa = PBXFileReference; fileEncoding = 4; lastKnownFileType = sourcecode.c.objc; name = "IDEWorkspaceTabController+XVim.m"; path = "XVim2/Xcode/IDEWorkspaceTabController+XVim.m"; sourceTree = SOURCE_ROOT; };
		A2A9F9332070A84600E7BB53 /* SourceCodeEditorViewProxy+Scrolling.m */ = {isa = PBXFileReference; fileEncoding = 4; lastKnownFileType = sourcecode.c.objc; name = "SourceCodeEditorViewProxy+Scrolling.m"; path = "XVim2/Xcode/SourceCodeEditorViewProxy+Scrolling.m"; sourceTree = SOURCE_ROOT; };
		A2A9F9342070A84600E7BB53 /* SourceCodeEditorViewProxy+Yank.m */ = {isa = PBXFileReference; fileEncoding = 4; lastKnownFileType = sourcecode.c.objc; name = "SourceCodeEditorViewProxy+Yank.m"; path = "XVim2/Xcode/SourceCodeEditorViewProxy+Yank.m"; sourceTree = SOURCE_ROOT; };
		A2A9F93B2070A85200E7BB53 /* XVimXcode.h */ = {isa = PBXFileReference; fileEncoding = 4; lastKnownFileType = sourcecode.c.h; name = XVimXcode.h; path = XVim2/Xcode/XVimXcode.h; sourceTree = SOURCE_ROOT; };
		A2A9F93C2070A85200E7BB53 /* XVimIDEPegasusSourceEditorView.m */ = {isa = PBXFileReference; fileEncoding = 4; lastKnownFileType = sourcecode.c.objc; name = XVimIDEPegasusSourceEditorView.m; path = XVim2/Xcode/XVimIDEPegasusSourceEditorView.m; sourceTree = SOURCE_ROOT; };
		A2A9F93D2070A85200E7BB53 /* XVimIDEPegasusSourceEditorView.h */ = {isa = PBXFileReference; fileEncoding = 4; lastKnownFileType = sourcecode.c.h; name = XVimIDEPegasusSourceEditorView.h; path = XVim2/Xcode/XVimIDEPegasusSourceEditorView.h; sourceTree = SOURCE_ROOT; };
		A2B52D3A1F514CC600D83C0A /* Logger.h */ = {isa = PBXFileReference; fileEncoding = 4; lastKnownFileType = sourcecode.c.h; path = Logger.h; sourceTree = "<group>"; };
		A2B52D3B1F514CC600D83C0A /* Logger.m */ = {isa = PBXFileReference; fileEncoding = 4; lastKnownFileType = sourcecode.c.objc; path = Logger.m; sourceTree = "<group>"; };
		A2B52D3C1F514CC600D83C0A /* Info.plist */ = {isa = PBXFileReference; fileEncoding = 4; lastKnownFileType = text.plist.xml; path = Info.plist; sourceTree = "<group>"; };
		A2B537AF1F51C94400D83C0A /* NSObject+Swizzle.h */ = {isa = PBXFileReference; fileEncoding = 4; lastKnownFileType = sourcecode.c.h; path = "NSObject+Swizzle.h"; sourceTree = "<group>"; };
		A2B537B01F51C94400D83C0A /* NSObject+Swizzle.m */ = {isa = PBXFileReference; fileEncoding = 4; lastKnownFileType = sourcecode.c.objc; path = "NSObject+Swizzle.m"; sourceTree = "<group>"; };
		A2FB1EE02077B65100D3E634 /* File.swift */ = {isa = PBXFileReference; lastKnownFileType = sourcecode.swift; path = File.swift; sourceTree = "<group>"; };
		ED0DED5D1F8C2CDD00886F6B /* XVimZEvaluator.m */ = {isa = PBXFileReference; lastKnownFileType = sourcecode.c.objc; path = XVimZEvaluator.m; sourceTree = "<group>"; };
		ED0DED5E1F8C2CDD00886F6B /* XVimZEvaluator.h */ = {isa = PBXFileReference; lastKnownFileType = sourcecode.c.h; path = XVimZEvaluator.h; sourceTree = "<group>"; };
		ED0DED5F1F8C2CDE00886F6B /* XVimGVisualEvaluator.h */ = {isa = PBXFileReference; lastKnownFileType = sourcecode.c.h; path = XVimGVisualEvaluator.h; sourceTree = "<group>"; };
		ED0DED601F8C2CDF00886F6B /* XVimGVisualEvaluator.m */ = {isa = PBXFileReference; lastKnownFileType = sourcecode.c.objc; path = XVimGVisualEvaluator.m; sourceTree = "<group>"; };
		ED0DED661F8C31F900886F6B /* XVimCommandLineEvaluator.m */ = {isa = PBXFileReference; lastKnownFileType = sourcecode.c.objc; path = XVimCommandLineEvaluator.m; sourceTree = "<group>"; };
		ED0DED671F8C31FA00886F6B /* XVimCommandLineEvaluator.h */ = {isa = PBXFileReference; lastKnownFileType = sourcecode.c.h; path = XVimCommandLineEvaluator.h; sourceTree = "<group>"; };
		ED0DED6C1F8C37D000886F6B /* XVimHistoryHandler.h */ = {isa = PBXFileReference; lastKnownFileType = sourcecode.c.h; path = XVimHistoryHandler.h; sourceTree = "<group>"; };
		ED0DED6D1F8C37D100886F6B /* XVimHistoryHandler.m */ = {isa = PBXFileReference; lastKnownFileType = sourcecode.c.objc; path = XVimHistoryHandler.m; sourceTree = "<group>"; };
		ED0DED6F1F8C3B0600886F6B /* XVimExCommand.h */ = {isa = PBXFileReference; lastKnownFileType = sourcecode.c.h; path = XVimExCommand.h; sourceTree = "<group>"; };
		ED0DED701F8C3B0700886F6B /* XVimExCommand.m */ = {isa = PBXFileReference; lastKnownFileType = sourcecode.c.objc; path = XVimExCommand.m; sourceTree = "<group>"; };
		ED0DED721F8C3B6B00886F6B /* XVimSearch.m */ = {isa = PBXFileReference; lastKnownFileType = sourcecode.c.objc; path = XVimSearch.m; sourceTree = "<group>"; };
		ED0DED731F8C3B6C00886F6B /* XVimSearch.h */ = {isa = PBXFileReference; lastKnownFileType = sourcecode.c.h; path = XVimSearch.h; sourceTree = "<group>"; };
		ED0DED751F8C3BF000886F6B /* XVimOptions.m */ = {isa = PBXFileReference; lastKnownFileType = sourcecode.c.objc; path = XVimOptions.m; sourceTree = "<group>"; };
		ED0DED761F8C3BF100886F6B /* XVimOptions.h */ = {isa = PBXFileReference; lastKnownFileType = sourcecode.c.h; path = XVimOptions.h; sourceTree = "<group>"; };
		ED0DED791F8C40DF00886F6B /* DVTTextPreferences.h */ = {isa = PBXFileReference; lastKnownFileType = sourcecode.c.h; path = DVTTextPreferences.h; sourceTree = "<group>"; };
		ED0DED7A1F8C418100886F6B /* XVimEval.m */ = {isa = PBXFileReference; lastKnownFileType = sourcecode.c.objc; path = XVimEval.m; sourceTree = "<group>"; };
		ED0DED7B1F8C418200886F6B /* XVimEval.h */ = {isa = PBXFileReference; lastKnownFileType = sourcecode.c.h; path = XVimEval.h; sourceTree = "<group>"; };
		ED0DED7D1F8C41EF00886F6B /* NSURL+XVimXcodeModule.h */ = {isa = PBXFileReference; lastKnownFileType = sourcecode.c.h; path = "NSURL+XVimXcodeModule.h"; sourceTree = "<group>"; };
		ED0DED7E1F8C41F000886F6B /* NSURL+XVimXcodeModule.m */ = {isa = PBXFileReference; lastKnownFileType = sourcecode.c.objc; path = "NSURL+XVimXcodeModule.m"; sourceTree = "<group>"; };
		ED0DED801F8C444700886F6B /* NSColor+Extra.m */ = {isa = PBXFileReference; lastKnownFileType = sourcecode.c.objc; path = "NSColor+Extra.m"; sourceTree = "<group>"; };
		ED0DED811F8C444800886F6B /* NSColor+Extra.h */ = {isa = PBXFileReference; lastKnownFileType = sourcecode.c.h; path = "NSColor+Extra.h"; sourceTree = "<group>"; };
		ED0DED831F8C47F100886F6B /* XVimReplacePromptEvaluator.h */ = {isa = PBXFileReference; lastKnownFileType = sourcecode.c.h; path = XVimReplacePromptEvaluator.h; sourceTree = "<group>"; };
		ED0DED841F8C47F200886F6B /* XVimReplacePromptEvaluator.m */ = {isa = PBXFileReference; lastKnownFileType = sourcecode.c.objc; path = XVimReplacePromptEvaluator.m; sourceTree = "<group>"; };
		ED12864F1F90B1EB007B6FC7 /* XVimAboutDialog.m */ = {isa = PBXFileReference; lastKnownFileType = sourcecode.c.objc; path = XVimAboutDialog.m; sourceTree = "<group>"; };
		ED1286501F90B1EB007B6FC7 /* about.xib */ = {isa = PBXFileReference; lastKnownFileType = file.xib; path = about.xib; sourceTree = "<group>"; };
		ED1286511F90B1EC007B6FC7 /* XVimAboutDialog.h */ = {isa = PBXFileReference; lastKnownFileType = sourcecode.c.h; path = XVimAboutDialog.h; sourceTree = "<group>"; };
		ED31C0C41F8164B800BE97B9 /* XVimInsertEvaluator.h */ = {isa = PBXFileReference; lastKnownFileType = sourcecode.c.h; path = XVimInsertEvaluator.h; sourceTree = "<group>"; };
		ED31C0C51F8164B800BE97B9 /* XVimInsertEvaluator.m */ = {isa = PBXFileReference; lastKnownFileType = sourcecode.c.objc; path = XVimInsertEvaluator.m; sourceTree = "<group>"; };
		ED4382AD1F85340100975127 /* XVimVisualEvaluator.m */ = {isa = PBXFileReference; lastKnownFileType = sourcecode.c.objc; path = XVimVisualEvaluator.m; sourceTree = "<group>"; };
		ED4382B01F85340200975127 /* XVimVisualEvaluator.h */ = {isa = PBXFileReference; lastKnownFileType = sourcecode.c.h; path = XVimVisualEvaluator.h; sourceTree = "<group>"; };
		ED5282A31F82595F000794A1 /* XVimDeleteEvaluator.h */ = {isa = PBXFileReference; lastKnownFileType = sourcecode.c.h; path = XVimDeleteEvaluator.h; sourceTree = "<group>"; };
		ED5282A41F82595F000794A1 /* XVimDeleteEvaluator.m */ = {isa = PBXFileReference; lastKnownFileType = sourcecode.c.objc; path = XVimDeleteEvaluator.m; sourceTree = "<group>"; };
		ED5282A61F8259CB000794A1 /* XVimOperatorEvaluator.h */ = {isa = PBXFileReference; lastKnownFileType = sourcecode.c.h; path = XVimOperatorEvaluator.h; sourceTree = "<group>"; };
		ED5282A71F8259CB000794A1 /* XVimOperatorEvaluator.m */ = {isa = PBXFileReference; lastKnownFileType = sourcecode.c.objc; path = XVimOperatorEvaluator.m; sourceTree = "<group>"; };
		ED5282A91F8259F4000794A1 /* XVimTextObjectEvaluator.h */ = {isa = PBXFileReference; lastKnownFileType = sourcecode.c.h; path = XVimTextObjectEvaluator.h; sourceTree = "<group>"; };
		ED5282AA1F8259F5000794A1 /* XVimTextObjectEvaluator.m */ = {isa = PBXFileReference; lastKnownFileType = sourcecode.c.objc; path = XVimTextObjectEvaluator.m; sourceTree = "<group>"; };
		ED548FD81F827EEC00A8069D /* XVimYankEvaluator.h */ = {isa = PBXFileReference; lastKnownFileType = sourcecode.c.h; path = XVimYankEvaluator.h; sourceTree = "<group>"; };
		ED548FD91F827EEC00A8069D /* XVimYankEvaluator.m */ = {isa = PBXFileReference; lastKnownFileType = sourcecode.c.objc; path = XVimYankEvaluator.m; sourceTree = "<group>"; };
		ED548FDB1F8280B600A8069D /* XVimRegisterEvaluator.h */ = {isa = PBXFileReference; lastKnownFileType = sourcecode.c.h; path = XVimRegisterEvaluator.h; sourceTree = "<group>"; };
		ED548FDC1F8280B700A8069D /* XVimRegister.h */ = {isa = PBXFileReference; lastKnownFileType = sourcecode.c.h; path = XVimRegister.h; sourceTree = "<group>"; };
		ED548FDD1F8280B700A8069D /* XVimRegister.m */ = {isa = PBXFileReference; lastKnownFileType = sourcecode.c.objc; path = XVimRegister.m; sourceTree = "<group>"; };
		ED548FDE1F8280B700A8069D /* XVimRegisterEvaluator.m */ = {isa = PBXFileReference; lastKnownFileType = sourcecode.c.objc; path = XVimRegisterEvaluator.m; sourceTree = "<group>"; };
		ED548FE41F82A9C900A8069D /* XVimReplaceEvaluator.m */ = {isa = PBXFileReference; lastKnownFileType = sourcecode.c.objc; path = XVimReplaceEvaluator.m; sourceTree = "<group>"; };
		ED548FE51F82A9C900A8069D /* XVimReplaceEvaluator.h */ = {isa = PBXFileReference; lastKnownFileType = sourcecode.c.h; path = XVimReplaceEvaluator.h; sourceTree = "<group>"; };
		ED60EB831F82E4D4000CBF9C /* XVimTildeEvaluator.h */ = {isa = PBXFileReference; lastKnownFileType = sourcecode.c.h; path = XVimTildeEvaluator.h; sourceTree = "<group>"; };
		ED60EB861F82E4D4000CBF9C /* XVimTildeEvaluator.m */ = {isa = PBXFileReference; lastKnownFileType = sourcecode.c.objc; path = XVimTildeEvaluator.m; sourceTree = "<group>"; };
		ED60EB881F82E5B9000CBF9C /* XVimUppercaseEvaluator.m */ = {isa = PBXFileReference; lastKnownFileType = sourcecode.c.objc; path = XVimUppercaseEvaluator.m; sourceTree = "<group>"; };
		ED60EB891F82E5B9000CBF9C /* XVimUppercaseEvaluator.h */ = {isa = PBXFileReference; lastKnownFileType = sourcecode.c.h; path = XVimUppercaseEvaluator.h; sourceTree = "<group>"; };
		ED60EB8B1F82E5C5000CBF9C /* XVimLowercaseEvaluator.m */ = {isa = PBXFileReference; lastKnownFileType = sourcecode.c.objc; path = XVimLowercaseEvaluator.m; sourceTree = "<group>"; };
		ED60EB8C1F82E5C5000CBF9C /* XVimLowercaseEvaluator.h */ = {isa = PBXFileReference; lastKnownFileType = sourcecode.c.h; path = XVimLowercaseEvaluator.h; sourceTree = "<group>"; };
		ED62768D1F817CD4005F8274 /* XVimGActionEvaluator.m */ = {isa = PBXFileReference; lastKnownFileType = sourcecode.c.objc; path = XVimGActionEvaluator.m; sourceTree = "<group>"; };
		ED62768E1F817CD5005F8274 /* XVimGActionEvaluator.h */ = {isa = PBXFileReference; lastKnownFileType = sourcecode.c.h; path = XVimGActionEvaluator.h; sourceTree = "<group>"; };
		ED62768F1F817CD5005F8274 /* XVimGMotionEvaluator.h */ = {isa = PBXFileReference; lastKnownFileType = sourcecode.c.h; path = XVimGMotionEvaluator.h; sourceTree = "<group>"; };
		ED6276901F817CD5005F8274 /* XVimGMotionEvaluator.m */ = {isa = PBXFileReference; lastKnownFileType = sourcecode.c.objc; path = XVimGMotionEvaluator.m; sourceTree = "<group>"; };
		ED6331BB1F836D6900E9E6B0 /* IDEWorkspaceTabController.h */ = {isa = PBXFileReference; lastKnownFileType = sourcecode.c.h; path = IDEWorkspaceTabController.h; sourceTree = "<group>"; };
		ED6331BC1F836DAB00E9E6B0 /* IDEEditorArea.h */ = {isa = PBXFileReference; lastKnownFileType = sourcecode.c.h; path = IDEEditorArea.h; sourceTree = "<group>"; };
		ED6331BF1F83719200E9E6B0 /* Geometry.m */ = {isa = PBXFileReference; lastKnownFileType = sourcecode.c.objc; path = Geometry.m; sourceTree = "<group>"; };
		ED6331C01F83719200E9E6B0 /* Geometry.h */ = {isa = PBXFileReference; lastKnownFileType = sourcecode.c.h; path = Geometry.h; sourceTree = "<group>"; };
		ED6331C81F8376C000E9E6B0 /* IDEEditorContext.h */ = {isa = PBXFileReference; lastKnownFileType = sourcecode.c.h; path = IDEEditorContext.h; sourceTree = "<group>"; };
		ED6331C91F8377A600E9E6B0 /* IDEEditorVersionsMode.h */ = {isa = PBXFileReference; lastKnownFileType = sourcecode.c.h; path = IDEEditorVersionsMode.h; sourceTree = "<group>"; };
		ED6331CA1F8377CE00E9E6B0 /* IDEEditorModeViewController.h */ = {isa = PBXFileReference; lastKnownFileType = sourcecode.c.h; path = IDEEditorModeViewController.h; sourceTree = "<group>"; };
		ED6331CB1F8377FE00E9E6B0 /* IDEEditorOpenSpecifier.h */ = {isa = PBXFileReference; lastKnownFileType = sourcecode.c.h; path = IDEEditorOpenSpecifier.h; sourceTree = "<group>"; };
		ED6331CC1F83785500E9E6B0 /* IDEComparisonEditorSubmode.h */ = {isa = PBXFileReference; lastKnownFileType = sourcecode.c.h; path = IDEComparisonEditorSubmode.h; sourceTree = "<group>"; };
		ED6331CE1F8379A700E9E6B0 /* XVimCommandField.h */ = {isa = PBXFileReference; lastKnownFileType = sourcecode.c.h; path = XVimCommandField.h; sourceTree = "<group>"; };
		ED6331CF1F8379A700E9E6B0 /* XVimCommandLine.m */ = {isa = PBXFileReference; lastKnownFileType = sourcecode.c.objc; path = XVimCommandLine.m; sourceTree = "<group>"; };
		ED6331D01F8379A700E9E6B0 /* XVimCommandField.m */ = {isa = PBXFileReference; lastKnownFileType = sourcecode.c.objc; path = XVimCommandField.m; sourceTree = "<group>"; };
		ED6331D11F8379A700E9E6B0 /* XVimCommandLine.h */ = {isa = PBXFileReference; lastKnownFileType = sourcecode.c.h; path = XVimCommandLine.h; sourceTree = "<group>"; };
		ED6331D21F8379FA00E9E6B0 /* IDEEditorMultipleContext.h */ = {isa = PBXFileReference; lastKnownFileType = sourcecode.c.h; path = IDEEditorMultipleContext.h; sourceTree = "<group>"; };
		ED6331D31F837A5600E9E6B0 /* IDEEditorGeniusMode.h */ = {isa = PBXFileReference; lastKnownFileType = sourcecode.c.h; path = IDEEditorGeniusMode.h; sourceTree = "<group>"; };
		ED6331D41F837AA100E9E6B0 /* IDEWorkspaceWindowController.h */ = {isa = PBXFileReference; lastKnownFileType = sourcecode.c.h; path = IDEWorkspaceWindowController.h; sourceTree = "<group>"; };
		ED6331D51F837BC700E9E6B0 /* NSInsetTextView.h */ = {isa = PBXFileReference; lastKnownFileType = sourcecode.c.h; path = NSInsetTextView.h; sourceTree = "<group>"; };
		ED6331D61F837BC800E9E6B0 /* NSInsetTextView.m */ = {isa = PBXFileReference; lastKnownFileType = sourcecode.c.objc; path = NSInsetTextView.m; sourceTree = "<group>"; };
		ED6331DA1F83864E00E9E6B0 /* NSAttributedString+Geometrics.m */ = {isa = PBXFileReference; lastKnownFileType = sourcecode.c.objc; path = "NSAttributedString+Geometrics.m"; sourceTree = "<group>"; };
		ED6331DB1F83864E00E9E6B0 /* NSAttributedString+Geometrics.h */ = {isa = PBXFileReference; lastKnownFileType = sourcecode.c.h; path = "NSAttributedString+Geometrics.h"; sourceTree = "<group>"; };
		ED6331DD1F8389F800E9E6B0 /* DVTFontAndColorTheme.h */ = {isa = PBXFileReference; lastKnownFileType = sourcecode.c.h; path = DVTFontAndColorTheme.h; sourceTree = "<group>"; };
		ED6B8E4A1F80F896002F4A47 /* NSTextStorage+VimOperation.m */ = {isa = PBXFileReference; lastKnownFileType = sourcecode.c.objc; path = "NSTextStorage+VimOperation.m"; sourceTree = "<group>"; };
		ED6B8E4D1F80F896002F4A47 /* NSTextStorage+VimOperation.h */ = {isa = PBXFileReference; lastKnownFileType = sourcecode.c.h; path = "NSTextStorage+VimOperation.h"; sourceTree = "<group>"; };
		ED6B8E4F1F80F8E6002F4A47 /* XVimTextStoring.h */ = {isa = PBXFileReference; lastKnownFileType = sourcecode.c.h; path = XVimTextStoring.h; sourceTree = "<group>"; };
		ED6BCEE01F83F018003517EB /* XVimJoinEvaluator.h */ = {isa = PBXFileReference; lastKnownFileType = sourcecode.c.h; path = XVimJoinEvaluator.h; sourceTree = "<group>"; };
		ED6BCEE11F83F019003517EB /* XVimJoinEvaluator.m */ = {isa = PBXFileReference; lastKnownFileType = sourcecode.c.objc; path = XVimJoinEvaluator.m; sourceTree = "<group>"; };
		ED8568401F800868008494BB /* IDEEditor.h */ = {isa = PBXFileReference; lastKnownFileType = sourcecode.c.h; path = IDEEditor.h; sourceTree = "<group>"; };
		ED8568421F8008A8008494BB /* IDEViewController.h */ = {isa = PBXFileReference; lastKnownFileType = sourcecode.c.h; path = IDEViewController.h; sourceTree = "<group>"; };
		ED8568441F80096B008494BB /* DVTViewController.h */ = {isa = PBXFileReference; lastKnownFileType = sourcecode.c.h; path = DVTViewController.h; sourceTree = "<group>"; };
		ED8568461F800C96008494BB /* IDEEditorDocument.h */ = {isa = PBXFileReference; lastKnownFileType = sourcecode.c.h; path = IDEEditorDocument.h; sourceTree = "<group>"; };
		ED9CF2D41F6EF2E800908DFB /* XVim2-prefix.h */ = {isa = PBXFileReference; lastKnownFileType = sourcecode.c.h; path = "XVim2-prefix.h"; sourceTree = "<group>"; };
		ED9CF2D51F6EFA2900908DFB /* XVimNormalEvaluator.h */ = {isa = PBXFileReference; lastKnownFileType = sourcecode.c.h; path = XVimNormalEvaluator.h; sourceTree = "<group>"; };
		ED9CF2D61F6EFA2A00908DFB /* XVimNormalEvaluator.m */ = {isa = PBXFileReference; lastKnownFileType = sourcecode.c.objc; path = XVimNormalEvaluator.m; sourceTree = "<group>"; };
		ED9CF2D81F6EFB6100908DFB /* Macros.h */ = {isa = PBXFileReference; lastKnownFileType = sourcecode.c.h; path = Macros.h; sourceTree = "<group>"; };
		EDB7F6011F6D8CE5007E0C41 /* rd_route.c */ = {isa = PBXFileReference; fileEncoding = 4; lastKnownFileType = sourcecode.c.c; path = rd_route.c; sourceTree = "<group>"; };
		EDB7F6021F6D8CE5007E0C41 /* rd_route.h */ = {isa = PBXFileReference; fileEncoding = 4; lastKnownFileType = sourcecode.c.h; path = rd_route.h; sourceTree = "<group>"; };
		EDB8EF4D1F91F8DA004188F5 /* XVimConstants.h */ = {isa = PBXFileReference; lastKnownFileType = sourcecode.c.h; path = XVimConstants.h; sourceTree = "<group>"; };
		EDB8EF4E1F91F8DA004188F5 /* XVimConstants.m */ = {isa = PBXFileReference; lastKnownFileType = sourcecode.c.objc; path = XVimConstants.m; sourceTree = "<group>"; };
		EDCAF9A21F8CC33A003F1C58 /* XVimEqualEvaluator.m */ = {isa = PBXFileReference; lastKnownFileType = sourcecode.c.objc; path = XVimEqualEvaluator.m; sourceTree = "<group>"; };
		EDCAF9A31F8CC33B003F1C58 /* XVimEqualEvaluator.h */ = {isa = PBXFileReference; lastKnownFileType = sourcecode.c.h; path = XVimEqualEvaluator.h; sourceTree = "<group>"; };
		EDD27B971F9B5EB30006471C /* XVimTester+Operator.m */ = {isa = PBXFileReference; fileEncoding = 4; lastKnownFileType = sourcecode.c.objc; path = "XVimTester+Operator.m"; sourceTree = "<group>"; };
		EDD27B981F9B5EB30006471C /* XVimTester+Issues.m */ = {isa = PBXFileReference; fileEncoding = 4; lastKnownFileType = sourcecode.c.objc; path = "XVimTester+Issues.m"; sourceTree = "<group>"; };
		EDD27B991F9B5EB30006471C /* XVimTester+Mark.m */ = {isa = PBXFileReference; fileEncoding = 4; lastKnownFileType = sourcecode.c.objc; path = "XVimTester+Mark.m"; sourceTree = "<group>"; };
		EDD27B9A1F9B5EB30006471C /* XVimTester+Motion.m */ = {isa = PBXFileReference; fileEncoding = 4; lastKnownFileType = sourcecode.c.objc; path = "XVimTester+Motion.m"; sourceTree = "<group>"; };
		EDD27B9B1F9B5EB30006471C /* XVimTestCase.h */ = {isa = PBXFileReference; fileEncoding = 4; lastKnownFileType = sourcecode.c.h; path = XVimTestCase.h; sourceTree = "<group>"; };
		EDD27B9C1F9B5EB30006471C /* XVimTester+Search.m */ = {isa = PBXFileReference; fileEncoding = 4; lastKnownFileType = sourcecode.c.objc; path = "XVimTester+Search.m"; sourceTree = "<group>"; };
		EDD27B9D1F9B5EB30006471C /* XVimTester+Register.m */ = {isa = PBXFileReference; fileEncoding = 4; lastKnownFileType = sourcecode.c.objc; path = "XVimTester+Register.m"; sourceTree = "<group>"; };
		EDD27B9E1F9B5EB30006471C /* XVimTester+map.m */ = {isa = PBXFileReference; fileEncoding = 4; lastKnownFileType = sourcecode.c.objc; path = "XVimTester+map.m"; sourceTree = "<group>"; };
		EDD27B9F1F9B5EB30006471C /* XVimTester+Options.m */ = {isa = PBXFileReference; fileEncoding = 4; lastKnownFileType = sourcecode.c.objc; path = "XVimTester+Options.m"; sourceTree = "<group>"; };
		EDD27BA01F9B5EB30006471C /* XVimTester+TextObject.m */ = {isa = PBXFileReference; fileEncoding = 4; lastKnownFileType = sourcecode.c.objc; path = "XVimTester+TextObject.m"; sourceTree = "<group>"; };
		EDD27BA11F9B5EB30006471C /* XVimTester+Jump.m */ = {isa = PBXFileReference; fileEncoding = 4; lastKnownFileType = sourcecode.c.objc; path = "XVimTester+Jump.m"; sourceTree = "<group>"; };
		EDD27BA21F9B5EB30006471C /* XVimTestCase.m */ = {isa = PBXFileReference; fileEncoding = 4; lastKnownFileType = sourcecode.c.objc; path = XVimTestCase.m; sourceTree = "<group>"; };
		EDD27BA31F9B5EB30006471C /* XVimTester+Visual.m */ = {isa = PBXFileReference; fileEncoding = 4; lastKnownFileType = sourcecode.c.objc; path = "XVimTester+Visual.m"; sourceTree = "<group>"; };
		EDD27BA41F9B5EB30006471C /* XVimTester+ExCmd.m */ = {isa = PBXFileReference; fileEncoding = 4; lastKnownFileType = sourcecode.c.objc; path = "XVimTester+ExCmd.m"; sourceTree = "<group>"; };
		EDD27BB21F9B5F130006471C /* XVimTester+Recording.m */ = {isa = PBXFileReference; fileEncoding = 4; lastKnownFileType = sourcecode.c.objc; path = "XVimTester+Recording.m"; sourceTree = "<group>"; };
		EDD27BB31F9B5F130006471C /* XVimTester.h */ = {isa = PBXFileReference; fileEncoding = 4; lastKnownFileType = sourcecode.c.h; path = XVimTester.h; sourceTree = "<group>"; };
		EDD27BB41F9B5F130006471C /* XVimTester.m */ = {isa = PBXFileReference; fileEncoding = 4; lastKnownFileType = sourcecode.c.objc; path = XVimTester.m; sourceTree = "<group>"; };
		EDD27BB71F9B63350006471C /* IDEEditorCoordinator.h */ = {isa = PBXFileReference; lastKnownFileType = sourcecode.c.h; path = IDEEditorCoordinator.h; sourceTree = "<group>"; };
		EDDE4B041F9CF2D000153E00 /* XVim2-Bridging-Header.h */ = {isa = PBXFileReference; fileEncoding = 4; lastKnownFileType = sourcecode.c.h; path = "XVim2-Bridging-Header.h"; sourceTree = SOURCE_ROOT; };
		EDDF5D081F83A85A00872094 /* XVimWindowEvaluator.m */ = {isa = PBXFileReference; lastKnownFileType = sourcecode.c.objc; path = XVimWindowEvaluator.m; sourceTree = "<group>"; };
		EDDF5D0B1F83A85A00872094 /* XVimWindowEvaluator.h */ = {isa = PBXFileReference; lastKnownFileType = sourcecode.c.h; path = XVimWindowEvaluator.h; sourceTree = "<group>"; };
		EDDF5D0D1F83A99300872094 /* IDEWorkspaceWindow.h */ = {isa = PBXFileReference; lastKnownFileType = sourcecode.c.h; path = IDEWorkspaceWindow.h; sourceTree = "<group>"; };
		EDE489B31F8E25EA00A40F9F /* DVTDocumentLocation.h */ = {isa = PBXFileReference; lastKnownFileType = sourcecode.c.h; path = DVTDocumentLocation.h; sourceTree = "<group>"; };
		EDEF0F201F84DB570087D30B /* XVimShiftEvaluator.h */ = {isa = PBXFileReference; lastKnownFileType = sourcecode.c.h; path = XVimShiftEvaluator.h; sourceTree = "<group>"; };
		EDEF0F231F84DB570087D30B /* XVimShiftEvaluator.m */ = {isa = PBXFileReference; lastKnownFileType = sourcecode.c.objc; path = XVimShiftEvaluator.m; sourceTree = "<group>"; };
		EDF010511F6EEF0F00461B2C /* XVimKeyStroke.h */ = {isa = PBXFileReference; lastKnownFileType = sourcecode.c.h; path = XVimKeyStroke.h; sourceTree = "<group>"; };
		EDF010521F6EEF0F00461B2C /* XVimDefs.h */ = {isa = PBXFileReference; lastKnownFileType = sourcecode.c.h; path = XVimDefs.h; sourceTree = "<group>"; };
		EDF010531F6EEF0F00461B2C /* XVimArgumentEvaluator.m */ = {isa = PBXFileReference; lastKnownFileType = sourcecode.c.objc; path = XVimArgumentEvaluator.m; sourceTree = "<group>"; };
		EDF010541F6EEF0F00461B2C /* XVimMotionType.h */ = {isa = PBXFileReference; lastKnownFileType = sourcecode.c.h; path = XVimMotionType.h; sourceTree = "<group>"; };
		EDF010551F6EEF0F00461B2C /* XVimEvaluator.m */ = {isa = PBXFileReference; lastKnownFileType = sourcecode.c.objc; path = XVimEvaluator.m; sourceTree = "<group>"; };
		EDF010561F6EEF0F00461B2C /* XVimEvaluator.h */ = {isa = PBXFileReference; lastKnownFileType = sourcecode.c.h; path = XVimEvaluator.h; sourceTree = "<group>"; };
		EDF010571F6EEF0F00461B2C /* XVimMacros.h */ = {isa = PBXFileReference; lastKnownFileType = sourcecode.c.h; path = XVimMacros.h; sourceTree = "<group>"; };
		EDF010581F6EEF0F00461B2C /* XVimWindow.m */ = {isa = PBXFileReference; lastKnownFileType = sourcecode.c.objc; path = XVimWindow.m; sourceTree = "<group>"; };
		EDF010591F6EEF1000461B2C /* XVimMotionEvaluator.h */ = {isa = PBXFileReference; lastKnownFileType = sourcecode.c.h; path = XVimMotionEvaluator.h; sourceTree = "<group>"; };
		EDF0105A1F6EEF1000461B2C /* XVimNumericEvaluator.m */ = {isa = PBXFileReference; lastKnownFileType = sourcecode.c.objc; path = XVimNumericEvaluator.m; sourceTree = "<group>"; };
		EDF0105B1F6EEF1000461B2C /* XVimMotion.m */ = {isa = PBXFileReference; lastKnownFileType = sourcecode.c.objc; path = XVimMotion.m; sourceTree = "<group>"; };
		EDF0105C1F6EEF1000461B2C /* XVimKeymap.h */ = {isa = PBXFileReference; lastKnownFileType = sourcecode.c.h; path = XVimKeymap.h; sourceTree = "<group>"; };
		EDF0105D1F6EEF1000461B2C /* XVimKeyStroke.m */ = {isa = PBXFileReference; lastKnownFileType = sourcecode.c.objc; path = XVimKeyStroke.m; sourceTree = "<group>"; };
		EDF0105E1F6EEF1000461B2C /* XVimMotion.h */ = {isa = PBXFileReference; lastKnownFileType = sourcecode.c.h; path = XVimMotion.h; sourceTree = "<group>"; };
		EDF0105F1F6EEF1000461B2C /* XVimNumericEvaluator.h */ = {isa = PBXFileReference; lastKnownFileType = sourcecode.c.h; path = XVimNumericEvaluator.h; sourceTree = "<group>"; };
		EDF010601F6EEF1000461B2C /* XVimMotionEvaluator.m */ = {isa = PBXFileReference; lastKnownFileType = sourcecode.c.objc; path = XVimMotionEvaluator.m; sourceTree = "<group>"; };
		EDF010611F6EEF1000461B2C /* XVimMotionOption.h */ = {isa = PBXFileReference; lastKnownFileType = sourcecode.c.h; path = XVimMotionOption.h; sourceTree = "<group>"; };
		EDF010621F6EEF1000461B2C /* XVimStringBuffer.h */ = {isa = PBXFileReference; lastKnownFileType = sourcecode.c.h; path = XVimStringBuffer.h; sourceTree = "<group>"; };
		EDF010631F6EEF1000461B2C /* XVimWindow.h */ = {isa = PBXFileReference; lastKnownFileType = sourcecode.c.h; path = XVimWindow.h; sourceTree = "<group>"; };
		EDF010641F6EEF1000461B2C /* XVimArgumentEvaluator.h */ = {isa = PBXFileReference; lastKnownFileType = sourcecode.c.h; path = XVimArgumentEvaluator.h; sourceTree = "<group>"; };
		EDF010651F6EEF1000461B2C /* XVimKeymapProvider.h */ = {isa = PBXFileReference; lastKnownFileType = sourcecode.c.h; path = XVimKeymapProvider.h; sourceTree = "<group>"; };
		EDF010661F6EEF1000461B2C /* XVimKeymap.m */ = {isa = PBXFileReference; lastKnownFileType = sourcecode.c.objc; path = XVimKeymap.m; sourceTree = "<group>"; };
		EDF0106F1F6EF05E00461B2C /* NSEvent+VimHelper.h */ = {isa = PBXFileReference; lastKnownFileType = sourcecode.c.h; path = "NSEvent+VimHelper.h"; sourceTree = "<group>"; };
		EDF010701F6EF05E00461B2C /* NSString+VimHelper.h */ = {isa = PBXFileReference; lastKnownFileType = sourcecode.c.h; path = "NSString+VimHelper.h"; sourceTree = "<group>"; };
		EDF010711F6EF05E00461B2C /* NSString+VimHelper.m */ = {isa = PBXFileReference; lastKnownFileType = sourcecode.c.objc; path = "NSString+VimHelper.m"; sourceTree = "<group>"; };
		EDF010721F6EF05E00461B2C /* NSEvent+VimHelper.m */ = {isa = PBXFileReference; lastKnownFileType = sourcecode.c.objc; path = "NSEvent+VimHelper.m"; sourceTree = "<group>"; };
		EDF010751F6EF16600461B2C /* XVim.h */ = {isa = PBXFileReference; lastKnownFileType = sourcecode.c.h; path = XVim.h; sourceTree = "<group>"; };
		EDF010761F6EF16600461B2C /* XVim.m */ = {isa = PBXFileReference; lastKnownFileType = sourcecode.c.objc; path = XVim.m; sourceTree = "<group>"; };
		EDFA148F1F8564D90039B439 /* XVimMark.m */ = {isa = PBXFileReference; lastKnownFileType = sourcecode.c.objc; path = XVimMark.m; sourceTree = "<group>"; };
		EDFA14921F8564DA0039B439 /* XVimMarks.h */ = {isa = PBXFileReference; lastKnownFileType = sourcecode.c.h; path = XVimMarks.h; sourceTree = "<group>"; };
		EDFA14931F8564DA0039B439 /* XVimMark.h */ = {isa = PBXFileReference; lastKnownFileType = sourcecode.c.h; path = XVimMark.h; sourceTree = "<group>"; };
		EDFA14941F8564DA0039B439 /* XVimMarks.m */ = {isa = PBXFileReference; lastKnownFileType = sourcecode.c.objc; path = XVimMarks.m; sourceTree = "<group>"; };
		EDFAA3081F8565F2002100CE /* XVimMarkSetEvaluator.m */ = {isa = PBXFileReference; lastKnownFileType = sourcecode.c.objc; path = XVimMarkSetEvaluator.m; sourceTree = "<group>"; };
		EDFAA30B1F8565F2002100CE /* XVimMarkSetEvaluator.h */ = {isa = PBXFileReference; lastKnownFileType = sourcecode.c.h; path = XVimMarkSetEvaluator.h; sourceTree = "<group>"; };
/* End PBXFileReference section */

/* Begin PBXFrameworksBuildPhase section */
		A26E5C701F5145AB000BCC66 /* Frameworks */ = {
			isa = PBXFrameworksBuildPhase;
			buildActionMask = 2147483647;
			files = (
			);
			runOnlyForDeploymentPostprocessing = 0;
		};
/* End PBXFrameworksBuildPhase section */

/* Begin PBXGroup section */
		A2482F2C1F72435D00FEF4DE /* Process */ = {
			isa = PBXGroup;
			children = (
				A2482F2D1F72435D00FEF4DE /* ProcessRunner.h */,
				A2482F2E1F72435D00FEF4DE /* ProcessRunner.m */,
				A2482F2F1F72435D00FEF4DE /* XVimTaskRunner.h */,
				A2482F301F72435D00FEF4DE /* XVimTaskRunner.m */,
				A2482F4A1F725B6500FEF4DE /* StringUtil.h */,
				A2482F4B1F725B6500FEF4DE /* StringUtil.m */,
			);
			path = Process;
			sourceTree = "<group>";
		};
		A26E5C6A1F5145AB000BCC66 = {
			isa = PBXGroup;
			children = (
				A2B52D381F514CC600D83C0A /* XVim2 */,
				A26E5C741F5145AB000BCC66 /* Products */,
				A2B537A81F51C89A00D83C0A /* Frameworks */,
			);
			sourceTree = "<group>";
		};
		A26E5C741F5145AB000BCC66 /* Products */ = {
			isa = PBXGroup;
			children = (
				A26E5C731F5145AB000BCC66 /* XVim2.xcplugin */,
			);
			name = Products;
			sourceTree = "<group>";
		};
		A2835A2E206FCCDC00332BFA /* Xcode9.3 */ = {
			isa = PBXGroup;
			children = (
				A2835BAD206FE0FF00332BFA /* DVTSourceEditor */,
				A2835A2F206FCCFC00332BFA /* IDESourceEditor */,
				A2835AE6206FCCFC00332BFA /* SourceEditor */,
			);
			name = Xcode9.3;
			path = "New Group";
			sourceTree = "<group>";
		};
		A2835A2F206FCCFC00332BFA /* IDESourceEditor */ = {
			isa = PBXGroup;
			children = (
				A2835A48206FCCFC00332BFA /* __T012SourceEditor0aB4ViewCN-IDESourceEditor.h */,
				A2835A68206FCCFC00332BFA /* __T012SourceEditor0aB11ContentViewCN-IDESourceEditor.h */,
				A2835A96206FCCFC00332BFA /* _TtC15IDESourceEditor16SourceCodeEditor-IDESourceEditor.h */,
				A2835AD0206FCCFC00332BFA /* _TtC15IDESourceEditor16SourceCodeEditor-IDESourceEditor1.h */,
				A2835AA1206FCCFC00332BFA /* _TtC15IDESourceEditor16SourceCodeEditor-IDESourceEditor2.h */,
				A2835A8D206FCCFC00332BFA /* _TtC15IDESourceEditor16SourceCodeEditor.h */,
				A2835A47206FCCFC00332BFA /* _TtC15IDESourceEditor18SourceCodeDocument-IDESourceEditor1.h */,
				A2835A77206FCCFC00332BFA /* _TtC15IDESourceEditor18SourceCodeDocument-IDESourceEditor2.h */,
				A2835AA9206FCCFC00332BFA /* _TtC15IDESourceEditor18SourceCodeDocument-IDESourceEditor3.h */,
				A2835AD9206FCCFC00332BFA /* _TtC15IDESourceEditor18SourceCodeDocument-IDESourceEditor4.h */,
				A2835A5D206FCCFC00332BFA /* _TtC15IDESourceEditor18SourceCodeDocument.h */,
				A2835A78206FCCFC00332BFA /* _TtC15IDESourceEditor19IDESourceEditorView-IDESourceEditor.h */,
				A2835A40206FCCFC00332BFA /* _TtC15IDESourceEditor19IDESourceEditorView-IDESourceEditor1.h */,
				A2835A6D206FCCFC00332BFA /* _TtC15IDESourceEditor19IDESourceEditorView-IDESourceEditor2.h */,
				A2835A9D206FCCFC00332BFA /* _TtC15IDESourceEditor19IDESourceEditorView-IDESourceEditor3.h */,
				A2835AC1206FCCFC00332BFA /* _TtC15IDESourceEditor19IDESourceEditorView-IDESourceEditor4.h */,
				A2835AC3206FCCFC00332BFA /* _TtC15IDESourceEditor19IDESourceEditorView.h */,
				A2835ADC206FCCFC00332BFA /* _TtC15IDESourceEditor29SourceCodeEditorContainerView.h */,
				A2835A3D206FCCFC00332BFA /* _TtC15IDESourceEditor45SourceCodeInvocationGeniusResultNavigableItem.h */,
			);
			name = IDESourceEditor;
			path = XVim2/Xcode9.3/IDESourceEditor;
			sourceTree = SOURCE_ROOT;
		};
		A2835AE6206FCCFC00332BFA /* SourceEditor */ = {
			isa = PBXGroup;
			children = (
				A2835B17206FCCFC00332BFA /* _TtC12SourceEditor22SourceEditorDataSource.h */,
				A2835B1C206FCCFC00332BFA /* _TtC12SourceEditor23SourceEditorUndoManager.h */,
				A2835B1F206FCCFC00332BFA /* _TtC12SourceEditor23SourceEditorContentView.h */,
				A2835B2E206FCCFC00332BFA /* SourceEditorScrollView.h */,
				A2835B71206FCCFD00332BFA /* _TtC12SourceEditor16SourceEditorView.h */,
			);
			name = SourceEditor;
			path = XVim2/Xcode9.3/SourceEditor;
			sourceTree = SOURCE_ROOT;
		};
		A2835BAD206FE0FF00332BFA /* DVTSourceEditor */ = {
			isa = PBXGroup;
			children = (
				A2835BBF206FE0FF00332BFA /* __T012SourceEditor0ab4DataA0CN-DVTSourceEditor.h */,
				A2835BB1206FE0FF00332BFA /* __T012SourceEditor0aB6GutterCN-DVTSourceEditor.h */,
				A2835BBC206FE0FF00332BFA /* _TtC15DVTSourceEditor20DVTSourceEditorTheme.h */,
				A2835BB9206FE0FF00332BFA /* _TtC15DVTSourceEditor22EditorSourceKitService.h */,
				A2835BCE206FE0FF00332BFA /* _TtC15DVTSourceEditor23DVTSourceEditorLandmark-DVTSourceEditor.h */,
				A2835BB4206FE0FF00332BFA /* _TtC15DVTSourceEditor23DVTSourceEditorLandmark.h */,
				A2835BB0206FE0FF00332BFA /* _TtC15DVTSourceEditor25DVTSourceEditorMarkupView.h */,
				A2835BC8206FE0FF00332BFA /* _TtC15DVTSourceEditor26DVTPegasusSourceEditorView.h */,
				A2835BB5206FE0FF00332BFA /* _TtC15DVTSourceEditor26DVTSourceEditorLanguageSet.h */,
				A2835BC6206FE0FF00332BFA /* _TtC15DVTSourceEditor26DVTSourceEditorUndoManager.h */,
				A2835BB7206FE0FF00332BFA /* _TtC15DVTSourceEditor27DVTSourceEditorMarkupStyles.h */,
				A2835BC2206FE0FF00332BFA /* _TtC15DVTSourceEditor28DVTSourceEditorTextFindField.h */,
				A2835BBB206FE0FF00332BFA /* _TtC15DVTSourceEditor28DVTSourceEditorTextFindPanel.h */,
				A2835BCD206FE0FF00332BFA /* _TtC15DVTSourceEditor29DVTSourceEditorDiffDataSource.h */,
				A2835BC7206FE0FF00332BFA /* _TtC15DVTSourceEditor32DVTSourceEditorTextFindFieldCell.h */,
				A2835BCC206FE0FF00332BFA /* _TtC15DVTSourceEditor44DVTSourceEditorPrintPanelAccessoryController.h */,
				A2835BB3206FE0FF00332BFA /* _TtC15DVTSourceEditorP33_97DC68711F590B15DCBEF5DB87A725AD32SourceCodeDiffDataSourceObserver.h */,
				A2835BAE206FE0FF00332BFA /* _TtCC15DVTSourceEditor22EditorSourceKitServiceP33_67BEF26930717E2ED8344466E25DFE5F17RequestDispatcher.h */,
				A2835BC9206FE0FF00332BFA /* _TtP12SourceEditor34SourceEditorTextFindPanelFieldType_-Protocol.h */,
				A2835BBE206FE0FF00332BFA /* DVTFindPatternField-Protocol.h */,
				A2835BAF206FE0FF00332BFA /* DVTFindPatternManager-Protocol.h */,
				A2835BB8206FE0FF00332BFA /* DVTInvalidation-Protocol.h */,
				A2835BCF206FE0FF00332BFA /* DVTLineRangeCharacterRangeConverter-Protocol.h */,
				A2835BBA206FE0FF00332BFA /* DVTSourceEditorFindPatternPanel-Protocol.h */,
				A2835BB2206FE0FF00332BFA /* DVTSourceEditorPatternSearchField.h */,
				A2835BB6206FE0FF00332BFA /* DVTSourceEditorPatternSearchFieldCell.h */,
				A2835BCA206FE0FF00332BFA /* DVTSourceLandmarkItemProtocol-Protocol.h */,
			);
			name = DVTSourceEditor;
			path = XVim2/Xcode9.3/DVTSourceEditor;
			sourceTree = SOURCE_ROOT;
		};
		A28D4128207E5695001E0E13 /* Evaluator */ = {
			isa = PBXGroup;
			children = (
				EDFA14971F8565AE0039B439 /* Argument */,
				ED0DED5C1F8C2C9F00886F6B /* MotionArgument */,
				ED5282A21F825944000794A1 /* Operators */,
				EDF010641F6EEF1000461B2C /* XVimArgumentEvaluator.h */,
				EDF010531F6EEF0F00461B2C /* XVimArgumentEvaluator.m */,
				ED0DED671F8C31FA00886F6B /* XVimCommandLineEvaluator.h */,
				ED0DED661F8C31F900886F6B /* XVimCommandLineEvaluator.m */,
				EDF010561F6EEF0F00461B2C /* XVimEvaluator.h */,
				EDF010551F6EEF0F00461B2C /* XVimEvaluator.m */,
				ED62768E1F817CD5005F8274 /* XVimGActionEvaluator.h */,
				ED62768D1F817CD4005F8274 /* XVimGActionEvaluator.m */,
				ED62768F1F817CD5005F8274 /* XVimGMotionEvaluator.h */,
				ED6276901F817CD5005F8274 /* XVimGMotionEvaluator.m */,
				ED31C0C41F8164B800BE97B9 /* XVimInsertEvaluator.h */,
				ED31C0C51F8164B800BE97B9 /* XVimInsertEvaluator.m */,
				EDF010591F6EEF1000461B2C /* XVimMotionEvaluator.h */,
				EDF010601F6EEF1000461B2C /* XVimMotionEvaluator.m */,
				ED9CF2D51F6EFA2900908DFB /* XVimNormalEvaluator.h */,
				ED9CF2D61F6EFA2A00908DFB /* XVimNormalEvaluator.m */,
				EDF0105F1F6EEF1000461B2C /* XVimNumericEvaluator.h */,
				EDF0105A1F6EEF1000461B2C /* XVimNumericEvaluator.m */,
				ED548FDB1F8280B600A8069D /* XVimRegisterEvaluator.h */,
				ED548FDE1F8280B700A8069D /* XVimRegisterEvaluator.m */,
				ED548FE51F82A9C900A8069D /* XVimReplaceEvaluator.h */,
				ED548FE41F82A9C900A8069D /* XVimReplaceEvaluator.m */,
				ED0DED831F8C47F100886F6B /* XVimReplacePromptEvaluator.h */,
				ED0DED841F8C47F200886F6B /* XVimReplacePromptEvaluator.m */,
				ED5282A91F8259F4000794A1 /* XVimTextObjectEvaluator.h */,
				ED5282AA1F8259F5000794A1 /* XVimTextObjectEvaluator.m */,
				ED4382B01F85340200975127 /* XVimVisualEvaluator.h */,
				ED4382AD1F85340100975127 /* XVimVisualEvaluator.m */,
				EDDF5D0B1F83A85A00872094 /* XVimWindowEvaluator.h */,
				EDDF5D081F83A85A00872094 /* XVimWindowEvaluator.m */,
			);
			path = Evaluator;
			sourceTree = "<group>";
		};
		A2A9F91F2070A71600E7BB53 /* Xcode */ = {
			isa = PBXGroup;
			children = (
				A2A9F92D2070A84600E7BB53 /* _TtC12SourceEditor16SourceEditorView+XVim.h */,
				A2A9F92E2070A84600E7BB53 /* _TtC15IDESourceEditor19IDESourceEditorView+XVim.h */,
				A2A9F9272070A84600E7BB53 /* IDEWorkspaceTabController+XVim.h */,
				A2A9F9322070A84600E7BB53 /* IDEWorkspaceTabController+XVim.m */,
				A2A9F9282070A84600E7BB53 /* SourceCodeEditorViewProxy.h */,
				A2A9F9292070A84600E7BB53 /* SourceCodeEditorViewProxy.m */,
				A2A9F92F2070A84600E7BB53 /* SourceCodeEditorViewProxy+Operations.h */,
				A2A9F9302070A84600E7BB53 /* SourceCodeEditorViewProxy+Operations.m */,
				A2A9F92B2070A84600E7BB53 /* SourceCodeEditorViewProxy+Scrolling.h */,
				A2A9F9332070A84600E7BB53 /* SourceCodeEditorViewProxy+Scrolling.m */,
				A2A9F92C2070A84600E7BB53 /* SourceCodeEditorViewProxy+XVim.h */,
				A2A9F9312070A84600E7BB53 /* SourceCodeEditorViewProxy+XVim.m */,
				A2A9F92A2070A84600E7BB53 /* SourceCodeEditorViewProxy+Yank.h */,
				A2A9F9342070A84600E7BB53 /* SourceCodeEditorViewProxy+Yank.m */,
				ED240B781F9DEB3900D03CD4 /* Swift */,
				A2A298DA2070A962001B5F9E /* XcodeUtils.h */,
				A2A298DB2070A962001B5F9E /* XcodeUtils.m */,
				A2A9F93D2070A85200E7BB53 /* XVimIDEPegasusSourceEditorView.h */,
				A2A9F93C2070A85200E7BB53 /* XVimIDEPegasusSourceEditorView.m */,
				A2A9F93B2070A85200E7BB53 /* XVimXcode.h */,
			);
			name = Xcode;
			path = "New Group1";
			sourceTree = "<group>";
		};
		A2B52D381F514CC600D83C0A /* XVim2 */ = {
			isa = PBXGroup;
			children = (
				A2A298DD2070AB71001B5F9E /* SourceViewProtocol.h */,
				EDDE4B041F9CF2D000153E00 /* XVim2-Bridging-Header.h */,
				ED1286501F90B1EB007B6FC7 /* about.xib */,
				ED1286511F90B1EC007B6FC7 /* XVimAboutDialog.h */,
				ED12864F1F90B1EB007B6FC7 /* XVimAboutDialog.m */,
				EDF010501F6EEEF600461B2C /* XVim */,
				EDD27B961F9B5EB30006471C /* Test */,
				ED9CF2D41F6EF2E800908DFB /* XVim2-prefix.h */,
				A2B52D391F514CC600D83C0A /* Helper */,
				A2B52D3C1F514CC600D83C0A /* Info.plist */,
				A2482F2C1F72435D00FEF4DE /* Process */,
				A2A9F91F2070A71600E7BB53 /* Xcode */,
				A2835A2E206FCCDC00332BFA /* Xcode9.3 */,
				A2B537A51F51B87A00D83C0A /* Xcode */,
				A2FB1EE02077B65100D3E634 /* File.swift */,
			);
			path = XVim2;
			sourceTree = "<group>";
		};
		A2B52D391F514CC600D83C0A /* Helper */ = {
			isa = PBXGroup;
			children = (
				ED6331C01F83719200E9E6B0 /* Geometry.h */,
				ED6331BF1F83719200E9E6B0 /* Geometry.m */,
				EDF0106F1F6EF05E00461B2C /* NSEvent+VimHelper.h */,
				EDF010721F6EF05E00461B2C /* NSEvent+VimHelper.m */,
				EDF010701F6EF05E00461B2C /* NSString+VimHelper.h */,
				EDF010711F6EF05E00461B2C /* NSString+VimHelper.m */,
				ED6331DB1F83864E00E9E6B0 /* NSAttributedString+Geometrics.h */,
				ED6331DA1F83864E00E9E6B0 /* NSAttributedString+Geometrics.m */,
				ED0DED811F8C444800886F6B /* NSColor+Extra.h */,
				ED0DED801F8C444700886F6B /* NSColor+Extra.m */,
				ED6331D51F837BC700E9E6B0 /* NSInsetTextView.h */,
				ED6331D61F837BC800E9E6B0 /* NSInsetTextView.m */,
				EDB7F6011F6D8CE5007E0C41 /* rd_route.c */,
				EDB7F6021F6D8CE5007E0C41 /* rd_route.h */,
				A287A8C51F55D636009378BC /* NSObject+ExtraData.h */,
				A287A8C61F55D636009378BC /* NSObject+ExtraData.m */,
				A2B537AF1F51C94400D83C0A /* NSObject+Swizzle.h */,
				A2B537B01F51C94400D83C0A /* NSObject+Swizzle.m */,
				A2B52D3A1F514CC600D83C0A /* Logger.h */,
				A2B52D3B1F514CC600D83C0A /* Logger.m */,
				ED9CF2D81F6EFB6100908DFB /* Macros.h */,
				A27A7AE92077BD68006A0E4F /* XVimUtil.h */,
				A27A7AEA2077BD68006A0E4F /* XVimUtil.m */,
			);
			path = Helper;
			sourceTree = "<group>";
		};
		A2B537A51F51B87A00D83C0A /* Xcode */ = {
			isa = PBXGroup;
			children = (
				ED0DED781F8C40A300886F6B /* DVTFoundation */,
				ED8568431F800960008494BB /* DVTKit */,
				ED85683F1F800868008494BB /* IDEKit */,
			);
			path = Xcode;
			sourceTree = "<group>";
		};
		A2B537A81F51C89A00D83C0A /* Frameworks */ = {
			isa = PBXGroup;
			children = (
			);
			name = Frameworks;
			sourceTree = "<group>";
		};
		ED0DED5C1F8C2C9F00886F6B /* MotionArgument */ = {
			isa = PBXGroup;
			children = (
				ED0DED5E1F8C2CDD00886F6B /* XVimZEvaluator.h */,
				ED0DED5D1F8C2CDD00886F6B /* XVimZEvaluator.m */,
				ED0DED5F1F8C2CDE00886F6B /* XVimGVisualEvaluator.h */,
				ED0DED601F8C2CDF00886F6B /* XVimGVisualEvaluator.m */,
			);
			path = MotionArgument;
			sourceTree = "<group>";
		};
		ED0DED781F8C40A300886F6B /* DVTFoundation */ = {
			isa = PBXGroup;
			children = (
				ED0DED791F8C40DF00886F6B /* DVTTextPreferences.h */,
			);
			path = DVTFoundation;
			sourceTree = "<group>";
		};
		ED240B781F9DEB3900D03CD4 /* Swift */ = {
			isa = PBXGroup;
			children = (
				A2A9F9212070A7B500E7BB53 /* SourceCodeEditorViewWrapper.s */,
				A2A9F9222070A7B500E7BB53 /* SourceCodeEditorViewWrapper.swift */,
				A2A9F9202070A7B500E7BB53 /* SourceEditorDataSourceWrapper.swift */,
			);
			path = Swift;
			sourceTree = "<group>";
		};
		ED5282A21F825944000794A1 /* Operators */ = {
			isa = PBXGroup;
			children = (
				EDCAF9A31F8CC33B003F1C58 /* XVimEqualEvaluator.h */,
				EDCAF9A21F8CC33A003F1C58 /* XVimEqualEvaluator.m */,
				EDEF0F201F84DB570087D30B /* XVimShiftEvaluator.h */,
				EDEF0F231F84DB570087D30B /* XVimShiftEvaluator.m */,
				ED5282A31F82595F000794A1 /* XVimDeleteEvaluator.h */,
				ED5282A41F82595F000794A1 /* XVimDeleteEvaluator.m */,
				ED60EB8C1F82E5C5000CBF9C /* XVimLowercaseEvaluator.h */,
				ED60EB8B1F82E5C5000CBF9C /* XVimLowercaseEvaluator.m */,
				ED5282A61F8259CB000794A1 /* XVimOperatorEvaluator.h */,
				ED5282A71F8259CB000794A1 /* XVimOperatorEvaluator.m */,
				ED60EB831F82E4D4000CBF9C /* XVimTildeEvaluator.h */,
				ED60EB861F82E4D4000CBF9C /* XVimTildeEvaluator.m */,
				ED60EB891F82E5B9000CBF9C /* XVimUppercaseEvaluator.h */,
				ED60EB881F82E5B9000CBF9C /* XVimUppercaseEvaluator.m */,
				ED548FD81F827EEC00A8069D /* XVimYankEvaluator.h */,
				ED548FD91F827EEC00A8069D /* XVimYankEvaluator.m */,
				ED6BCEE01F83F018003517EB /* XVimJoinEvaluator.h */,
				ED6BCEE11F83F019003517EB /* XVimJoinEvaluator.m */,
			);
			path = Operators;
			sourceTree = "<group>";
		};
		ED6331CD1F83797E00E9E6B0 /* CommandLine */ = {
			isa = PBXGroup;
			children = (
				ED6331CE1F8379A700E9E6B0 /* XVimCommandField.h */,
				ED6331D01F8379A700E9E6B0 /* XVimCommandField.m */,
				ED6331D11F8379A700E9E6B0 /* XVimCommandLine.h */,
				ED6331CF1F8379A700E9E6B0 /* XVimCommandLine.m */,
			);
			path = CommandLine;
			sourceTree = "<group>";
		};
		ED85683F1F800868008494BB /* IDEKit */ = {
			isa = PBXGroup;
			children = (
				EDD27BB71F9B63350006471C /* IDEEditorCoordinator.h */,
				EDDF5D0D1F83A99300872094 /* IDEWorkspaceWindow.h */,
				ED6331D41F837AA100E9E6B0 /* IDEWorkspaceWindowController.h */,
				ED6331D31F837A5600E9E6B0 /* IDEEditorGeniusMode.h */,
				ED6331D21F8379FA00E9E6B0 /* IDEEditorMultipleContext.h */,
				ED6331CB1F8377FE00E9E6B0 /* IDEEditorOpenSpecifier.h */,
				ED6331CA1F8377CE00E9E6B0 /* IDEEditorModeViewController.h */,
				ED6331C91F8377A600E9E6B0 /* IDEEditorVersionsMode.h */,
				ED6331CC1F83785500E9E6B0 /* IDEComparisonEditorSubmode.h */,
				ED6331C81F8376C000E9E6B0 /* IDEEditorContext.h */,
				ED6331BC1F836DAB00E9E6B0 /* IDEEditorArea.h */,
				ED6331BB1F836D6900E9E6B0 /* IDEWorkspaceTabController.h */,
				ED8568461F800C96008494BB /* IDEEditorDocument.h */,
				ED8568421F8008A8008494BB /* IDEViewController.h */,
				ED8568401F800868008494BB /* IDEEditor.h */,
			);
			path = IDEKit;
			sourceTree = "<group>";
		};
		ED8568431F800960008494BB /* DVTKit */ = {
			isa = PBXGroup;
			children = (
				EDE489B31F8E25EA00A40F9F /* DVTDocumentLocation.h */,
				ED8568441F80096B008494BB /* DVTViewController.h */,
				ED6331DD1F8389F800E9E6B0 /* DVTFontAndColorTheme.h */,
			);
			path = DVTKit;
			sourceTree = "<group>";
		};
		EDD27B961F9B5EB30006471C /* Test */ = {
			isa = PBXGroup;
			children = (
				EDD27BB31F9B5F130006471C /* XVimTester.h */,
				EDD27BB41F9B5F130006471C /* XVimTester.m */,
				EDD27BB21F9B5F130006471C /* XVimTester+Recording.m */,
				EDD27B971F9B5EB30006471C /* XVimTester+Operator.m */,
				EDD27B981F9B5EB30006471C /* XVimTester+Issues.m */,
				EDD27B991F9B5EB30006471C /* XVimTester+Mark.m */,
				EDD27B9A1F9B5EB30006471C /* XVimTester+Motion.m */,
				EDD27B9B1F9B5EB30006471C /* XVimTestCase.h */,
				EDD27B9C1F9B5EB30006471C /* XVimTester+Search.m */,
				EDD27B9D1F9B5EB30006471C /* XVimTester+Register.m */,
				EDD27B9E1F9B5EB30006471C /* XVimTester+map.m */,
				EDD27B9F1F9B5EB30006471C /* XVimTester+Options.m */,
				EDD27BA01F9B5EB30006471C /* XVimTester+TextObject.m */,
				EDD27BA11F9B5EB30006471C /* XVimTester+Jump.m */,
				EDD27BA21F9B5EB30006471C /* XVimTestCase.m */,
				EDD27BA31F9B5EB30006471C /* XVimTester+Visual.m */,
				EDD27BA41F9B5EB30006471C /* XVimTester+ExCmd.m */,
			);
			path = Test;
			sourceTree = "<group>";
		};
		EDF010501F6EEEF600461B2C /* XVim */ = {
			isa = PBXGroup;
			children = (
				A28D4128207E5695001E0E13 /* Evaluator */,
				ED6331CD1F83797E00E9E6B0 /* CommandLine */,
				ED6B8E4D1F80F896002F4A47 /* NSTextStorage+VimOperation.h */,
				ED6B8E4A1F80F896002F4A47 /* NSTextStorage+VimOperation.m */,
				EDF010751F6EF16600461B2C /* XVim.h */,
				EDF010761F6EF16600461B2C /* XVim.m */,
				ED0DED7B1F8C418200886F6B /* XVimEval.h */,
				ED0DED7A1F8C418100886F6B /* XVimEval.m */,
				ED0DED7D1F8C41EF00886F6B /* NSURL+XVimXcodeModule.h */,
				ED0DED7E1F8C41F000886F6B /* NSURL+XVimXcodeModule.m */,
				EDF010521F6EEF0F00461B2C /* XVimDefs.h */,
				ED0DED6F1F8C3B0600886F6B /* XVimExCommand.h */,
				ED0DED701F8C3B0700886F6B /* XVimExCommand.m */,
				ED0DED731F8C3B6C00886F6B /* XVimSearch.h */,
				ED0DED721F8C3B6B00886F6B /* XVimSearch.m */,
				ED0DED761F8C3BF100886F6B /* XVimOptions.h */,
				ED0DED751F8C3BF000886F6B /* XVimOptions.m */,
				EDF0105C1F6EEF1000461B2C /* XVimKeymap.h */,
				EDF010661F6EEF1000461B2C /* XVimKeymap.m */,
				EDF010651F6EEF1000461B2C /* XVimKeymapProvider.h */,
				EDF010511F6EEF0F00461B2C /* XVimKeyStroke.h */,
				EDF0105D1F6EEF1000461B2C /* XVimKeyStroke.m */,
				EDF010571F6EEF0F00461B2C /* XVimMacros.h */,
				EDF0105E1F6EEF1000461B2C /* XVimMotion.h */,
				EDF0105B1F6EEF1000461B2C /* XVimMotion.m */,
				EDFA14931F8564DA0039B439 /* XVimMark.h */,
				EDFA148F1F8564D90039B439 /* XVimMark.m */,
				EDFA14921F8564DA0039B439 /* XVimMarks.h */,
				EDFA14941F8564DA0039B439 /* XVimMarks.m */,
				EDF010611F6EEF1000461B2C /* XVimMotionOption.h */,
				EDF010541F6EEF0F00461B2C /* XVimMotionType.h */,
				ED548FDC1F8280B700A8069D /* XVimRegister.h */,
				ED548FDD1F8280B700A8069D /* XVimRegister.m */,
				EDF010621F6EEF1000461B2C /* XVimStringBuffer.h */,
				ED6B8E4F1F80F8E6002F4A47 /* XVimTextStoring.h */,
				EDF010631F6EEF1000461B2C /* XVimWindow.h */,
				EDF010581F6EEF0F00461B2C /* XVimWindow.m */,
				ED0DED6C1F8C37D000886F6B /* XVimHistoryHandler.h */,
				ED0DED6D1F8C37D100886F6B /* XVimHistoryHandler.m */,
				EDB8EF4D1F91F8DA004188F5 /* XVimConstants.h */,
				EDB8EF4E1F91F8DA004188F5 /* XVimConstants.m */,
			);
			path = XVim;
			sourceTree = "<group>";
		};
		EDFA14971F8565AE0039B439 /* Argument */ = {
			isa = PBXGroup;
			children = (
				EDFAA30B1F8565F2002100CE /* XVimMarkSetEvaluator.h */,
				EDFAA3081F8565F2002100CE /* XVimMarkSetEvaluator.m */,
			);
			path = Argument;
			sourceTree = "<group>";
		};
/* End PBXGroup section */

/* Begin PBXNativeTarget section */
		A26E5C721F5145AB000BCC66 /* XVim2 */ = {
			isa = PBXNativeTarget;
			buildConfigurationList = A26E5C791F5145AB000BCC66 /* Build configuration list for PBXNativeTarget "XVim2" */;
			buildPhases = (
				ED1286541F90B268007B6FC7 /* Write git revision */,
				A26E5C6F1F5145AB000BCC66 /* Sources */,
				A26E5C701F5145AB000BCC66 /* Frameworks */,
				A26E5C711F5145AB000BCC66 /* Resources */,
				A26E5C7F1F51466B000BCC66 /* CopyFiles */,
			);
			buildRules = (
			);
			dependencies = (
			);
			name = XVim2;
			productName = XVim2;
			productReference = A26E5C731F5145AB000BCC66 /* XVim2.xcplugin */;
			productType = "com.apple.product-type.bundle";
		};
/* End PBXNativeTarget section */

/* Begin PBXProject section */
		A26E5C6B1F5145AB000BCC66 /* Project object */ = {
			isa = PBXProject;
			attributes = {
				LastUpgradeCheck = 0910;
				ORGANIZATIONNAME = "Shuichiro Suzuki";
				TargetAttributes = {
					A26E5C721F5145AB000BCC66 = {
						CreatedOnToolsVersion = 9.0;
						LastSwiftMigration = 0900;
					};
				};
			};
			buildConfigurationList = A26E5C6E1F5145AB000BCC66 /* Build configuration list for PBXProject "XVim2" */;
			compatibilityVersion = "Xcode 8.0";
			developmentRegion = en;
			hasScannedForEncodings = 0;
			knownRegions = (
				en,
			);
			mainGroup = A26E5C6A1F5145AB000BCC66;
			productRefGroup = A26E5C741F5145AB000BCC66 /* Products */;
			projectDirPath = "";
			projectRoot = "";
			targets = (
				A26E5C721F5145AB000BCC66 /* XVim2 */,
			);
		};
/* End PBXProject section */

/* Begin PBXResourcesBuildPhase section */
		A26E5C711F5145AB000BCC66 /* Resources */ = {
			isa = PBXResourcesBuildPhase;
			buildActionMask = 2147483647;
			files = (
				ED1286531F90B22A007B6FC7 /* about.xib in Resources */,
			);
			runOnlyForDeploymentPostprocessing = 0;
		};
/* End PBXResourcesBuildPhase section */

/* Begin PBXShellScriptBuildPhase section */
		ED1286541F90B268007B6FC7 /* Write git revision */ = {
			isa = PBXShellScriptBuildPhase;
			buildActionMask = 2147483647;
			files = (
			);
			inputPaths = (
			);
			name = "Write git revision";
			outputPaths = (
			);
			runOnlyForDeploymentPostprocessing = 0;
			shellPath = /bin/sh;
			shellScript = "echo '#define GIT_REVISION @\"'`git rev-parse HEAD`'\"' > gitrevision.h";
		};
/* End PBXShellScriptBuildPhase section */

/* Begin PBXSourcesBuildPhase section */
		A26E5C6F1F5145AB000BCC66 /* Sources */ = {
			isa = PBXSourcesBuildPhase;
			buildActionMask = 2147483647;
			files = (
				EDF0106C1F6EEFFC00461B2C /* XVimMotionEvaluator.m in Sources */,
				ED6331DC1F83864E00E9E6B0 /* NSAttributedString+Geometrics.m in Sources */,
				ED0DED6E1F8C37D200886F6B /* XVimHistoryHandler.m in Sources */,
				EDFAA30C1F85660A002100CE /* XVimMarkSetEvaluator.m in Sources */,
				ED0DED611F8C2CEC00886F6B /* XVimZEvaluator.m in Sources */,
				ED5282A51F825974000794A1 /* XVimDeleteEvaluator.m in Sources */,
				ED6331C11F83719200E9E6B0 /* Geometry.m in Sources */,
				EDD27BB61F9B5F140006471C /* XVimTester.m in Sources */,
				ED6276911F817CD5005F8274 /* XVimGActionEvaluator.m in Sources */,
				A2B52D3F1F514CC600D83C0A /* Logger.m in Sources */,
				ED6B8E4E1F80F896002F4A47 /* NSTextStorage+VimOperation.m in Sources */,
				EDD27BA81F9B5EB30006471C /* XVimTester+Motion.m in Sources */,
				ED0DED741F8C3B6C00886F6B /* XVimSearch.m in Sources */,
				A2A9F9392070A84600E7BB53 /* SourceCodeEditorViewProxy+Scrolling.m in Sources */,
				EDD27BB01F9B5EB30006471C /* XVimTester+Visual.m in Sources */,
				ED6276921F817CD5005F8274 /* XVimGMotionEvaluator.m in Sources */,
				ED0DED681F8C31FA00886F6B /* XVimCommandLineEvaluator.m in Sources */,
				A2A9F9382070A84600E7BB53 /* IDEWorkspaceTabController+XVim.m in Sources */,
				ED5282AB1F8259F5000794A1 /* XVimTextObjectEvaluator.m in Sources */,
				ED9CF2D71F6EFA2A00908DFB /* XVimNormalEvaluator.m in Sources */,
				A2A298DC2070A962001B5F9E /* XcodeUtils.m in Sources */,
				ED548FE01F8280B700A8069D /* XVimRegisterEvaluator.m in Sources */,
				EDD27BAC1F9B5EB30006471C /* XVimTester+Options.m in Sources */,
				ED0DED7C1F8C418300886F6B /* XVimEval.m in Sources */,
				EDD27BAD1F9B5EB30006471C /* XVimTester+TextObject.m in Sources */,
				EDD27BA71F9B5EB30006471C /* XVimTester+Mark.m in Sources */,
				A287A8C71F55D637009378BC /* NSObject+ExtraData.m in Sources */,
				A2A9F93A2070A84600E7BB53 /* SourceCodeEditorViewProxy+Yank.m in Sources */,
				ED60EB8D1F82E5C5000CBF9C /* XVimLowercaseEvaluator.m in Sources */,
				EDD27BAF1F9B5EB30006471C /* XVimTestCase.m in Sources */,
				ED5282A81F8259CB000794A1 /* XVimOperatorEvaluator.m in Sources */,
				ED548FE61F82A9C900A8069D /* XVimReplaceEvaluator.m in Sources */,
				EDD27BA91F9B5EB30006471C /* XVimTester+Search.m in Sources */,
				ED6331D91F83862900E9E6B0 /* XVimCommandField.m in Sources */,
				EDD27BAB1F9B5EB30006471C /* XVimTester+map.m in Sources */,
				ED0DED7F1F8C41F100886F6B /* NSURL+XVimXcodeModule.m in Sources */,
				ED6BCEE21F83F019003517EB /* XVimJoinEvaluator.m in Sources */,
				A2FB1EE12077B65100D3E634 /* File.swift in Sources */,
				A27A7AEB2077BD68006A0E4F /* XVimUtil.m in Sources */,
				EDD27BB51F9B5F140006471C /* XVimTester+Recording.m in Sources */,
				A2A9F9232070A7B500E7BB53 /* SourceEditorDataSourceWrapper.swift in Sources */,
				ED31C0C61F8164B800BE97B9 /* XVimInsertEvaluator.m in Sources */,
				EDFA14961F8564DB0039B439 /* XVimMarks.m in Sources */,
				EDF010691F6EEFFC00461B2C /* XVimKeymap.m in Sources */,
				EDD27BA51F9B5EB30006471C /* XVimTester+Operator.m in Sources */,
				EDFA14951F8564DB0039B439 /* XVimMark.m in Sources */,
				EDCAF9A41F8CC33C003F1C58 /* XVimEqualEvaluator.m in Sources */,
				ED60EB8A1F82E5B9000CBF9C /* XVimUppercaseEvaluator.m in Sources */,
				A2482F321F72435D00FEF4DE /* XVimTaskRunner.m in Sources */,
				A2482F4C1F725B6500FEF4DE /* StringUtil.m in Sources */,
				A2B537B11F51C94400D83C0A /* NSObject+Swizzle.m in Sources */,
				ED6331D71F837BC800E9E6B0 /* NSInsetTextView.m in Sources */,
				EDF0106E1F6EEFFC00461B2C /* XVimWindow.m in Sources */,
				EDD27BAE1F9B5EB30006471C /* XVimTester+Jump.m in Sources */,
				EDF0106B1F6EEFFC00461B2C /* XVimMotion.m in Sources */,
				ED548FDF1F8280B700A8069D /* XVimRegister.m in Sources */,
				EDD27BA61F9B5EB30006471C /* XVimTester+Issues.m in Sources */,
				EDD27BB11F9B5EB30006471C /* XVimTester+ExCmd.m in Sources */,
				ED0DED621F8C2E1D00886F6B /* XVimGVisualEvaluator.m in Sources */,
				A2A9F9372070A84600E7BB53 /* SourceCodeEditorViewProxy+XVim.m in Sources */,
				A2A9F9252070A7B500E7BB53 /* SourceCodeEditorViewWrapper.swift in Sources */,
				EDF010771F6EF16600461B2C /* XVim.m in Sources */,
				ED0DED771F8C3BF100886F6B /* XVimOptions.m in Sources */,
				EDDF5D0C1F83A85B00872094 /* XVimWindowEvaluator.m in Sources */,
				ED548FDA1F827EEC00A8069D /* XVimYankEvaluator.m in Sources */,
				EDD27BAA1F9B5EB30006471C /* XVimTester+Register.m in Sources */,
				EDB8EF4F1F91F8DA004188F5 /* XVimConstants.m in Sources */,
				A2A9F9242070A7B500E7BB53 /* SourceCodeEditorViewWrapper.s in Sources */,
				EDF010731F6EF05E00461B2C /* NSString+VimHelper.m in Sources */,
				ED0DED711F8C3B0800886F6B /* XVimExCommand.m in Sources */,
				EDF010671F6EEFFC00461B2C /* XVimArgumentEvaluator.m in Sources */,
				EDF010741F6EF05E00461B2C /* NSEvent+VimHelper.m in Sources */,
				EDEF0F241F84DB570087D30B /* XVimShiftEvaluator.m in Sources */,
				A2A9F9362070A84600E7BB53 /* SourceCodeEditorViewProxy+Operations.m in Sources */,
				ED6331D81F83862600E9E6B0 /* XVimCommandLine.m in Sources */,
				ED4382B11F85340200975127 /* XVimVisualEvaluator.m in Sources */,
				EDF0106D1F6EEFFC00461B2C /* XVimNumericEvaluator.m in Sources */,
				ED0DED851F8C47F300886F6B /* XVimReplacePromptEvaluator.m in Sources */,
				EDF0106A1F6EEFFC00461B2C /* XVimKeyStroke.m in Sources */,
				ED60EB871F82E4D4000CBF9C /* XVimTildeEvaluator.m in Sources */,
				ED1286521F90B203007B6FC7 /* XVimAboutDialog.m in Sources */,
				A2482F311F72435D00FEF4DE /* ProcessRunner.m in Sources */,
				A2A9F93E2070A85200E7BB53 /* XVimIDEPegasusSourceEditorView.m in Sources */,
				EDF010681F6EEFFC00461B2C /* XVimEvaluator.m in Sources */,
				EDB7F6031F6D8CE5007E0C41 /* rd_route.c in Sources */,
				A2A9F9352070A84600E7BB53 /* SourceCodeEditorViewProxy.m in Sources */,
				ED0DED821F8C444800886F6B /* NSColor+Extra.m in Sources */,
			);
			runOnlyForDeploymentPostprocessing = 0;
		};
/* End PBXSourcesBuildPhase section */

/* Begin XCBuildConfiguration section */
		A26E5C771F5145AB000BCC66 /* Debug */ = {
			isa = XCBuildConfiguration;
			buildSettings = {
				ALWAYS_SEARCH_USER_PATHS = NO;
				CLANG_ANALYZER_NONNULL = YES;
				CLANG_ANALYZER_NUMBER_OBJECT_CONVERSION = YES_AGGRESSIVE;
				CLANG_CXX_LANGUAGE_STANDARD = "gnu++14";
				CLANG_CXX_LIBRARY = "libc++";
				CLANG_ENABLE_MODULES = YES;
				CLANG_ENABLE_OBJC_ARC = YES;
				CLANG_WARN_BLOCK_CAPTURE_AUTORELEASING = YES;
				CLANG_WARN_BOOL_CONVERSION = YES;
				CLANG_WARN_COMMA = YES;
				CLANG_WARN_CONSTANT_CONVERSION = YES;
				CLANG_WARN_DIRECT_OBJC_ISA_USAGE = YES_ERROR;
				CLANG_WARN_DOCUMENTATION_COMMENTS = YES;
				CLANG_WARN_EMPTY_BODY = YES;
				CLANG_WARN_ENUM_CONVERSION = YES;
				CLANG_WARN_INFINITE_RECURSION = YES;
				CLANG_WARN_INT_CONVERSION = YES;
				CLANG_WARN_NON_LITERAL_NULL_CONVERSION = YES;
				CLANG_WARN_OBJC_LITERAL_CONVERSION = YES;
				CLANG_WARN_OBJC_ROOT_CLASS = YES_ERROR;
				CLANG_WARN_RANGE_LOOP_ANALYSIS = YES;
				CLANG_WARN_STRICT_PROTOTYPES = YES;
				CLANG_WARN_SUSPICIOUS_MOVE = YES;
				CLANG_WARN_UNGUARDED_AVAILABILITY = YES_AGGRESSIVE;
				CLANG_WARN_UNREACHABLE_CODE = YES;
				CLANG_WARN__DUPLICATE_METHOD_MATCH = YES;
				CODE_SIGN_IDENTITY = "-";
				COPY_PHASE_STRIP = NO;
				DEBUG_INFORMATION_FORMAT = dwarf;
				ENABLE_STRICT_OBJC_MSGSEND = YES;
				ENABLE_TESTABILITY = YES;
				GCC_C_LANGUAGE_STANDARD = gnu11;
				GCC_DYNAMIC_NO_PIC = NO;
				GCC_NO_COMMON_BLOCKS = YES;
				GCC_OPTIMIZATION_LEVEL = 0;
				GCC_PREPROCESSOR_DEFINITIONS = (
					"DEBUG=1",
					"$(inherited)",
				);
				GCC_WARN_64_TO_32_BIT_CONVERSION = YES;
				GCC_WARN_ABOUT_RETURN_TYPE = YES_ERROR;
				GCC_WARN_UNDECLARED_SELECTOR = YES;
				GCC_WARN_UNINITIALIZED_AUTOS = YES_AGGRESSIVE;
				GCC_WARN_UNUSED_FUNCTION = YES;
				GCC_WARN_UNUSED_VARIABLE = YES;
				MACOSX_DEPLOYMENT_TARGET = 10.12;
				MTL_ENABLE_DEBUG_INFO = YES;
				ONLY_ACTIVE_ARCH = YES;
				SDKROOT = macosx;
				SWIFT_OPTIMIZATION_LEVEL = "-Onone";
			};
			name = Debug;
		};
		A26E5C781F5145AB000BCC66 /* Release */ = {
			isa = XCBuildConfiguration;
			buildSettings = {
				ALWAYS_SEARCH_USER_PATHS = NO;
				CLANG_ANALYZER_NONNULL = YES;
				CLANG_ANALYZER_NUMBER_OBJECT_CONVERSION = YES_AGGRESSIVE;
				CLANG_CXX_LANGUAGE_STANDARD = "gnu++14";
				CLANG_CXX_LIBRARY = "libc++";
				CLANG_ENABLE_MODULES = YES;
				CLANG_ENABLE_OBJC_ARC = YES;
				CLANG_WARN_BLOCK_CAPTURE_AUTORELEASING = YES;
				CLANG_WARN_BOOL_CONVERSION = YES;
				CLANG_WARN_COMMA = YES;
				CLANG_WARN_CONSTANT_CONVERSION = YES;
				CLANG_WARN_DIRECT_OBJC_ISA_USAGE = YES_ERROR;
				CLANG_WARN_DOCUMENTATION_COMMENTS = YES;
				CLANG_WARN_EMPTY_BODY = YES;
				CLANG_WARN_ENUM_CONVERSION = YES;
				CLANG_WARN_INFINITE_RECURSION = YES;
				CLANG_WARN_INT_CONVERSION = YES;
				CLANG_WARN_NON_LITERAL_NULL_CONVERSION = YES;
				CLANG_WARN_OBJC_LITERAL_CONVERSION = YES;
				CLANG_WARN_OBJC_ROOT_CLASS = YES_ERROR;
				CLANG_WARN_RANGE_LOOP_ANALYSIS = YES;
				CLANG_WARN_STRICT_PROTOTYPES = YES;
				CLANG_WARN_SUSPICIOUS_MOVE = YES;
				CLANG_WARN_UNGUARDED_AVAILABILITY = YES_AGGRESSIVE;
				CLANG_WARN_UNREACHABLE_CODE = YES;
				CLANG_WARN__DUPLICATE_METHOD_MATCH = YES;
				CODE_SIGN_IDENTITY = "-";
				COPY_PHASE_STRIP = NO;
				DEBUG_INFORMATION_FORMAT = "dwarf-with-dsym";
				ENABLE_NS_ASSERTIONS = NO;
				ENABLE_STRICT_OBJC_MSGSEND = YES;
				GCC_C_LANGUAGE_STANDARD = gnu11;
				GCC_NO_COMMON_BLOCKS = YES;
				GCC_WARN_64_TO_32_BIT_CONVERSION = YES;
				GCC_WARN_ABOUT_RETURN_TYPE = YES_ERROR;
				GCC_WARN_UNDECLARED_SELECTOR = YES;
				GCC_WARN_UNINITIALIZED_AUTOS = YES_AGGRESSIVE;
				GCC_WARN_UNUSED_FUNCTION = YES;
				GCC_WARN_UNUSED_VARIABLE = YES;
				MACOSX_DEPLOYMENT_TARGET = 10.12;
				MTL_ENABLE_DEBUG_INFO = NO;
				SDKROOT = macosx;
			};
			name = Release;
		};
		A26E5C7A1F5145AB000BCC66 /* Debug */ = {
			isa = XCBuildConfiguration;
			buildSettings = {
				CLANG_ENABLE_MODULES = YES;
				COMBINE_HIDPI_IMAGES = YES;
				FRAMEWORK_SEARCH_PATHS = "";
				GCC_PREFIX_HEADER = "$(PROJECT_NAME)/XVim2-prefix.h";
				GCC_TREAT_INCOMPATIBLE_POINTER_TYPE_WARNINGS_AS_ERRORS = NO;
				GCC_WARN_ABOUT_MISSING_NEWLINE = YES;
				GCC_WARN_ABOUT_MISSING_PROTOTYPES = YES;
				GCC_WARN_SHADOW = YES;
				GCC_WARN_STRICT_SELECTOR_MATCH = YES;
				HEADER_SEARCH_PATHS = "$(SOURCE_ROOT)/XVim2/Xcode";
				INFOPLIST_FILE = XVim2/Info.plist;
				INSTALL_PATH = "$(LOCAL_LIBRARY_DIR)/Bundles";
				LD_RUNPATH_SEARCH_PATHS = "$(inherited) @executable_path/../Frameworks @loader_path/../Frameworks";
				LIBRARY_SEARCH_PATHS = (
					"$(inherited)",
					"$(PROJECT_DIR)",
				);
				MACOSX_DEPLOYMENT_TARGET = 10.13;
				OTHER_LDFLAGS = "-Wl,-no_compact_unwind";
				PRODUCT_BUNDLE_IDENTIFIER = net.JugglerShu.XVim2;
				PRODUCT_NAME = "$(TARGET_NAME)";
				SKIP_INSTALL = YES;
				SWIFT_OBJC_BRIDGING_HEADER = "XVim2-Bridging-Header.h";
				SWIFT_SWIFT3_OBJC_INFERENCE = Off;
				SWIFT_VERSION = 4.0;
				WRAPPER_EXTENSION = xcplugin;
			};
			name = Debug;
		};
		A26E5C7B1F5145AB000BCC66 /* Release */ = {
			isa = XCBuildConfiguration;
			buildSettings = {
				CLANG_ENABLE_MODULES = YES;
				COMBINE_HIDPI_IMAGES = YES;
				FRAMEWORK_SEARCH_PATHS = "";
				GCC_OPTIMIZATION_LEVEL = 2;
				GCC_PREFIX_HEADER = "$(PROJECT_NAME)/XVim2-prefix.h";
				GCC_TREAT_INCOMPATIBLE_POINTER_TYPE_WARNINGS_AS_ERRORS = NO;
				GCC_WARN_ABOUT_MISSING_NEWLINE = YES;
				GCC_WARN_ABOUT_MISSING_PROTOTYPES = YES;
				GCC_WARN_SHADOW = YES;
				GCC_WARN_STRICT_SELECTOR_MATCH = YES;
				HEADER_SEARCH_PATHS = "$(SOURCE_ROOT)/XVim2/Xcode";
				INFOPLIST_FILE = XVim2/Info.plist;
				INSTALL_PATH = "$(LOCAL_LIBRARY_DIR)/Bundles";
				LD_RUNPATH_SEARCH_PATHS = "$(inherited) @executable_path/../Frameworks @loader_path/../Frameworks";
				LIBRARY_SEARCH_PATHS = (
					"$(inherited)",
					"$(PROJECT_DIR)",
				);
				MACOSX_DEPLOYMENT_TARGET = 10.13;
				OTHER_LDFLAGS = "-Wl,-no_compact_unwind";
				PRODUCT_BUNDLE_IDENTIFIER = net.JugglerShu.XVim2;
				PRODUCT_NAME = "$(TARGET_NAME)";
				SKIP_INSTALL = YES;
				SWIFT_OBJC_BRIDGING_HEADER = "XVim2-Bridging-Header.h";
				SWIFT_SWIFT3_OBJC_INFERENCE = Off;
				SWIFT_VERSION = 4.0;
				WRAPPER_EXTENSION = xcplugin;
			};
			name = Release;
		};
/* End XCBuildConfiguration section */

/* Begin XCConfigurationList section */
		A26E5C6E1F5145AB000BCC66 /* Build configuration list for PBXProject "XVim2" */ = {
			isa = XCConfigurationList;
			buildConfigurations = (
				A26E5C771F5145AB000BCC66 /* Debug */,
				A26E5C781F5145AB000BCC66 /* Release */,
			);
			defaultConfigurationIsVisible = 0;
			defaultConfigurationName = Release;
		};
		A26E5C791F5145AB000BCC66 /* Build configuration list for PBXNativeTarget "XVim2" */ = {
			isa = XCConfigurationList;
			buildConfigurations = (
				A26E5C7A1F5145AB000BCC66 /* Debug */,
				A26E5C7B1F5145AB000BCC66 /* Release */,
			);
			defaultConfigurationIsVisible = 0;
			defaultConfigurationName = Release;
		};
/* End XCConfigurationList section */
	};
	rootObject = A26E5C6B1F5145AB000BCC66 /* Project object */;
}
