// !$*UTF8*$!
{
	archiveVersion = 1;
	classes = {
	};
	objectVersion = 48;
	objects = {

/* Begin PBXBuildFile section */
		A26E5C801F514686000BCC66 /* XVim2.xcplugin in CopyFiles */ = {isa = PBXBuildFile; fileRef = A26E5C731F5145AB000BCC66 /* XVim2.xcplugin */; };
		A287A8C71F55D637009378BC /* NSObject+ExtraData.m in Sources */ = {isa = PBXBuildFile; fileRef = A287A8C61F55D636009378BC /* NSObject+ExtraData.m */; };
		A2B52D3F1F514CC600D83C0A /* Logger.m in Sources */ = {isa = PBXBuildFile; fileRef = A2B52D3B1F514CC600D83C0A /* Logger.m */; };
		A2B52D411F514CC600D83C0A /* XVim.m in Sources */ = {isa = PBXBuildFile; fileRef = A2B52D3E1F514CC600D83C0A /* XVim.m */; };
		A2B537A71F51C70000D83C0A /* _TtC22IDEPegasusSourceEditor20SourceCodeEditorView.m in Sources */ = {isa = PBXBuildFile; fileRef = A2B537A61F51C70000D83C0A /* _TtC22IDEPegasusSourceEditor20SourceCodeEditorView.m */; };
		A2B537AA1F51C89A00D83C0A /* SourceEditor in Frameworks */ = {isa = PBXBuildFile; fileRef = A2B537A91F51C89A00D83C0A /* SourceEditor */; };
		A2B537AE1F51C8D200D83C0A /* IDEPegasusSourceEditor in Frameworks */ = {isa = PBXBuildFile; fileRef = A2B537AD1F51C8D200D83C0A /* IDEPegasusSourceEditor */; };
		A2B537B11F51C94400D83C0A /* NSObject+Swizzle.m in Sources */ = {isa = PBXBuildFile; fileRef = A2B537B01F51C94400D83C0A /* NSObject+Swizzle.m */; };
		A2B537B51F51D35000D83C0A /* XVimCmdArg.m in Sources */ = {isa = PBXBuildFile; fileRef = A2B537B41F51D35000D83C0A /* XVimCmdArg.m */; };
		A2B537B81F51DF3400D83C0A /* XVimKeyStroke.m in Sources */ = {isa = PBXBuildFile; fileRef = A2B537B61F51DF3400D83C0A /* XVimKeyStroke.m */; };
		EDB7F6031F6D8CE5007E0C41 /* rd_route.c in Sources */ = {isa = PBXBuildFile; fileRef = EDB7F6011F6D8CE5007E0C41 /* rd_route.c */; };
		EDB7F6061F6D8D36007E0C41 /* SourceEditorViewProxy.m in Sources */ = {isa = PBXBuildFile; fileRef = EDB7F6051F6D8D36007E0C41 /* SourceEditorViewProxy.m */; };
/* End PBXBuildFile section */

/* Begin PBXCopyFilesBuildPhase section */
		A26E5C7F1F51466B000BCC66 /* CopyFiles */ = {
			isa = PBXCopyFilesBuildPhase;
			buildActionMask = 2147483647;
			dstPath = "~/Library/Application Support/Developer/Shared/Xcode/Plug-ins";
			dstSubfolderSpec = 0;
			files = (
				A26E5C801F514686000BCC66 /* XVim2.xcplugin in CopyFiles */,
			);
			runOnlyForDeploymentPostprocessing = 0;
		};
/* End PBXCopyFilesBuildPhase section */

/* Begin PBXFileReference section */
		A26E5C731F5145AB000BCC66 /* XVim2.xcplugin */ = {isa = PBXFileReference; explicitFileType = wrapper.cfbundle; includeInIndex = 0; path = XVim2.xcplugin; sourceTree = BUILT_PRODUCTS_DIR; };
		A287A8C51F55D636009378BC /* NSObject+ExtraData.h */ = {isa = PBXFileReference; fileEncoding = 4; lastKnownFileType = sourcecode.c.h; path = "NSObject+ExtraData.h"; sourceTree = "<group>"; };
		A287A8C61F55D636009378BC /* NSObject+ExtraData.m */ = {isa = PBXFileReference; fileEncoding = 4; lastKnownFileType = sourcecode.c.objc; path = "NSObject+ExtraData.m"; sourceTree = "<group>"; };
		A2B52D3A1F514CC600D83C0A /* Logger.h */ = {isa = PBXFileReference; fileEncoding = 4; lastKnownFileType = sourcecode.c.h; path = Logger.h; sourceTree = "<group>"; };
		A2B52D3B1F514CC600D83C0A /* Logger.m */ = {isa = PBXFileReference; fileEncoding = 4; lastKnownFileType = sourcecode.c.objc; path = Logger.m; sourceTree = "<group>"; };
		A2B52D3C1F514CC600D83C0A /* Info.plist */ = {isa = PBXFileReference; fileEncoding = 4; lastKnownFileType = text.plist.xml; path = Info.plist; sourceTree = "<group>"; };
		A2B52D3D1F514CC600D83C0A /* XVim.h */ = {isa = PBXFileReference; fileEncoding = 4; lastKnownFileType = sourcecode.c.h; path = XVim.h; sourceTree = "<group>"; };
		A2B52D3E1F514CC600D83C0A /* XVim.m */ = {isa = PBXFileReference; fileEncoding = 4; lastKnownFileType = sourcecode.c.objc; path = XVim.m; sourceTree = "<group>"; };
		A2B537361F51516C00D83C0A /* _TtC22IDEPegasusSourceEditor20SourceCodeEditorView.h */ = {isa = PBXFileReference; fileEncoding = 4; lastKnownFileType = sourcecode.c.h; path = _TtC22IDEPegasusSourceEditor20SourceCodeEditorView.h; sourceTree = "<group>"; };
		A2B5378E1F51516C00D83C0A /* _TtC12SourceEditor16SourceEditorView.h */ = {isa = PBXFileReference; fileEncoding = 4; lastKnownFileType = sourcecode.c.h; path = _TtC12SourceEditor16SourceEditorView.h; sourceTree = "<group>"; };
		A2B537A61F51C70000D83C0A /* _TtC22IDEPegasusSourceEditor20SourceCodeEditorView.m */ = {isa = PBXFileReference; lastKnownFileType = sourcecode.c.objc; path = _TtC22IDEPegasusSourceEditor20SourceCodeEditorView.m; sourceTree = "<group>"; };
		A2B537A91F51C89A00D83C0A /* SourceEditor */ = {isa = PBXFileReference; lastKnownFileType = "compiled.mach-o.dylib"; name = SourceEditor; path = ../SharedFrameworks/SourceEditor.framework/Versions/A/SourceEditor; sourceTree = DEVELOPER_DIR; };
		A2B537AD1F51C8D200D83C0A /* IDEPegasusSourceEditor */ = {isa = PBXFileReference; lastKnownFileType = "compiled.mach-o.dylib"; name = IDEPegasusSourceEditor; path = ../PlugIns/IDEPegasusSourceEditor.ideplugin/Contents/MacOS/IDEPegasusSourceEditor; sourceTree = DEVELOPER_DIR; };
		A2B537AF1F51C94400D83C0A /* NSObject+Swizzle.h */ = {isa = PBXFileReference; fileEncoding = 4; lastKnownFileType = sourcecode.c.h; path = "NSObject+Swizzle.h"; sourceTree = "<group>"; };
		A2B537B01F51C94400D83C0A /* NSObject+Swizzle.m */ = {isa = PBXFileReference; fileEncoding = 4; lastKnownFileType = sourcecode.c.objc; path = "NSObject+Swizzle.m"; sourceTree = "<group>"; };
		A2B537B31F51D35000D83C0A /* XVimCmdArg.h */ = {isa = PBXFileReference; lastKnownFileType = sourcecode.c.h; path = XVimCmdArg.h; sourceTree = "<group>"; };
		A2B537B41F51D35000D83C0A /* XVimCmdArg.m */ = {isa = PBXFileReference; lastKnownFileType = sourcecode.c.objc; path = XVimCmdArg.m; sourceTree = "<group>"; };
		A2B537B61F51DF3400D83C0A /* XVimKeyStroke.m */ = {isa = PBXFileReference; lastKnownFileType = sourcecode.c.objc; path = XVimKeyStroke.m; sourceTree = "<group>"; };
		A2B537B71F51DF3400D83C0A /* XVimKeyStroke.h */ = {isa = PBXFileReference; lastKnownFileType = sourcecode.c.h; path = XVimKeyStroke.h; sourceTree = "<group>"; };
		EDB7F6011F6D8CE5007E0C41 /* rd_route.c */ = {isa = PBXFileReference; fileEncoding = 4; lastKnownFileType = sourcecode.c.c; path = rd_route.c; sourceTree = "<group>"; };
		EDB7F6021F6D8CE5007E0C41 /* rd_route.h */ = {isa = PBXFileReference; fileEncoding = 4; lastKnownFileType = sourcecode.c.h; path = rd_route.h; sourceTree = "<group>"; };
		EDB7F6041F6D8D36007E0C41 /* SourceEditorViewProxy.h */ = {isa = PBXFileReference; lastKnownFileType = sourcecode.c.h; path = SourceEditorViewProxy.h; sourceTree = "<group>"; };
		EDB7F6051F6D8D36007E0C41 /* SourceEditorViewProxy.m */ = {isa = PBXFileReference; lastKnownFileType = sourcecode.c.objc; path = SourceEditorViewProxy.m; sourceTree = "<group>"; };
		EDF9A91E1F6DA9190051D9BF /* libffi.tbd */ = {isa = PBXFileReference; lastKnownFileType = "sourcecode.text-based-dylib-definition"; name = libffi.tbd; path = usr/lib/libffi.tbd; sourceTree = SDKROOT; };
		EDF9A9401F6DBFBB0051D9BF /* libffi.a */ = {isa = PBXFileReference; lastKnownFileType = archive.ar; name = libffi.a; path = ../../../../../usr/local/lib/libffi.a; sourceTree = "<group>"; };
/* End PBXFileReference section */

/* Begin PBXFrameworksBuildPhase section */
		A26E5C701F5145AB000BCC66 /* Frameworks */ = {
			isa = PBXFrameworksBuildPhase;
			buildActionMask = 2147483647;
			files = (
				A2B537AE1F51C8D200D83C0A /* IDEPegasusSourceEditor in Frameworks */,
				A2B537AA1F51C89A00D83C0A /* SourceEditor in Frameworks */,
			);
			runOnlyForDeploymentPostprocessing = 0;
		};
/* End PBXFrameworksBuildPhase section */

/* Begin PBXGroup section */
		A26E5C6A1F5145AB000BCC66 = {
			isa = PBXGroup;
			children = (
				A2B52D381F514CC600D83C0A /* XVim2 */,
				A26E5C741F5145AB000BCC66 /* Products */,
				A2B537A81F51C89A00D83C0A /* Frameworks */,
			);
			sourceTree = "<group>";
		};
		A26E5C741F5145AB000BCC66 /* Products */ = {
			isa = PBXGroup;
			children = (
				A26E5C731F5145AB000BCC66 /* XVim2.xcplugin */,
			);
			name = Products;
			sourceTree = "<group>";
		};
		A2B52D381F514CC600D83C0A /* XVim2 */ = {
			isa = PBXGroup;
			children = (
				A2B537B21F51D32D00D83C0A /* VimEmulation */,
				A2B537A51F51B87A00D83C0A /* Xcode */,
				A2B52D391F514CC600D83C0A /* Helper */,
				A2B52D3C1F514CC600D83C0A /* Info.plist */,
				A2B52D3D1F514CC600D83C0A /* XVim.h */,
				A2B52D3E1F514CC600D83C0A /* XVim.m */,
			);
			path = XVim2;
			sourceTree = "<group>";
		};
		A2B52D391F514CC600D83C0A /* Helper */ = {
			isa = PBXGroup;
			children = (
				EDB7F6011F6D8CE5007E0C41 /* rd_route.c */,
				EDB7F6021F6D8CE5007E0C41 /* rd_route.h */,
				A287A8C51F55D636009378BC /* NSObject+ExtraData.h */,
				A287A8C61F55D636009378BC /* NSObject+ExtraData.m */,
				A2B537AF1F51C94400D83C0A /* NSObject+Swizzle.h */,
				A2B537B01F51C94400D83C0A /* NSObject+Swizzle.m */,
				A2B52D3A1F514CC600D83C0A /* Logger.h */,
				A2B52D3B1F514CC600D83C0A /* Logger.m */,
			);
			path = Helper;
			sourceTree = "<group>";
		};
		A2B537A51F51B87A00D83C0A /* Xcode */ = {
			isa = PBXGroup;
			children = (
				A2B537361F51516C00D83C0A /* _TtC22IDEPegasusSourceEditor20SourceCodeEditorView.h */,
				A2B537A61F51C70000D83C0A /* _TtC22IDEPegasusSourceEditor20SourceCodeEditorView.m */,
				A2B5378E1F51516C00D83C0A /* _TtC12SourceEditor16SourceEditorView.h */,
				EDB7F6041F6D8D36007E0C41 /* SourceEditorViewProxy.h */,
				EDB7F6051F6D8D36007E0C41 /* SourceEditorViewProxy.m */,
			);
			path = Xcode;
			sourceTree = "<group>";
		};
		A2B537A81F51C89A00D83C0A /* Frameworks */ = {
			isa = PBXGroup;
			children = (
				EDF9A9401F6DBFBB0051D9BF /* libffi.a */,
				EDF9A91E1F6DA9190051D9BF /* libffi.tbd */,
				A2B537AD1F51C8D200D83C0A /* IDEPegasusSourceEditor */,
				A2B537A91F51C89A00D83C0A /* SourceEditor */,
			);
			name = Frameworks;
			sourceTree = "<group>";
		};
		A2B537B21F51D32D00D83C0A /* VimEmulation */ = {
			isa = PBXGroup;
			children = (
				A2B537B71F51DF3400D83C0A /* XVimKeyStroke.h */,
				A2B537B61F51DF3400D83C0A /* XVimKeyStroke.m */,
				A2B537B31F51D35000D83C0A /* XVimCmdArg.h */,
				A2B537B41F51D35000D83C0A /* XVimCmdArg.m */,
			);
			path = VimEmulation;
			sourceTree = "<group>";
		};
/* End PBXGroup section */

/* Begin PBXNativeTarget section */
		A26E5C721F5145AB000BCC66 /* XVim2 */ = {
			isa = PBXNativeTarget;
			buildConfigurationList = A26E5C791F5145AB000BCC66 /* Build configuration list for PBXNativeTarget "XVim2" */;
			buildPhases = (
				A26E5C6F1F5145AB000BCC66 /* Sources */,
				A26E5C701F5145AB000BCC66 /* Frameworks */,
				A26E5C711F5145AB000BCC66 /* Resources */,
				A26E5C7F1F51466B000BCC66 /* CopyFiles */,
			);
			buildRules = (
			);
			dependencies = (
			);
			name = XVim2;
			productName = XVim2;
			productReference = A26E5C731F5145AB000BCC66 /* XVim2.xcplugin */;
			productType = "com.apple.product-type.bundle";
		};
/* End PBXNativeTarget section */

/* Begin PBXProject section */
		A26E5C6B1F5145AB000BCC66 /* Project object */ = {
			isa = PBXProject;
			attributes = {
				LastUpgradeCheck = 0900;
				ORGANIZATIONNAME = "Shuichiro Suzuki";
				TargetAttributes = {
					A26E5C721F5145AB000BCC66 = {
						CreatedOnToolsVersion = 9.0;
						LastSwiftMigration = 0900;
					};
				};
			};
			buildConfigurationList = A26E5C6E1F5145AB000BCC66 /* Build configuration list for PBXProject "XVim2" */;
			compatibilityVersion = "Xcode 8.0";
			developmentRegion = en;
			hasScannedForEncodings = 0;
			knownRegions = (
				en,
			);
			mainGroup = A26E5C6A1F5145AB000BCC66;
			productRefGroup = A26E5C741F5145AB000BCC66 /* Products */;
			projectDirPath = "";
			projectRoot = "";
			targets = (
				A26E5C721F5145AB000BCC66 /* XVim2 */,
			);
		};
/* End PBXProject section */

/* Begin PBXResourcesBuildPhase section */
		A26E5C711F5145AB000BCC66 /* Resources */ = {
			isa = PBXResourcesBuildPhase;
			buildActionMask = 2147483647;
			files = (
			);
			runOnlyForDeploymentPostprocessing = 0;
		};
/* End PBXResourcesBuildPhase section */

/* Begin PBXSourcesBuildPhase section */
		A26E5C6F1F5145AB000BCC66 /* Sources */ = {
			isa = PBXSourcesBuildPhase;
			buildActionMask = 2147483647;
			files = (
				A2B52D3F1F514CC600D83C0A /* Logger.m in Sources */,
				A287A8C71F55D637009378BC /* NSObject+ExtraData.m in Sources */,
				A2B537B81F51DF3400D83C0A /* XVimKeyStroke.m in Sources */,
				A2B537B11F51C94400D83C0A /* NSObject+Swizzle.m in Sources */,
				A2B537B51F51D35000D83C0A /* XVimCmdArg.m in Sources */,
				EDB7F6061F6D8D36007E0C41 /* SourceEditorViewProxy.m in Sources */,
				A2B52D411F514CC600D83C0A /* XVim.m in Sources */,
				A2B537A71F51C70000D83C0A /* _TtC22IDEPegasusSourceEditor20SourceCodeEditorView.m in Sources */,
				EDB7F6031F6D8CE5007E0C41 /* rd_route.c in Sources */,
			);
			runOnlyForDeploymentPostprocessing = 0;
		};
/* End PBXSourcesBuildPhase section */

/* Begin XCBuildConfiguration section */
		A26E5C771F5145AB000BCC66 /* Debug */ = {
			isa = XCBuildConfiguration;
			buildSettings = {
				ALWAYS_SEARCH_USER_PATHS = NO;
				CLANG_ANALYZER_NONNULL = YES;
				CLANG_ANALYZER_NUMBER_OBJECT_CONVERSION = YES_AGGRESSIVE;
				CLANG_CXX_LANGUAGE_STANDARD = "gnu++14";
				CLANG_CXX_LIBRARY = "libc++";
				CLANG_ENABLE_MODULES = YES;
				CLANG_ENABLE_OBJC_ARC = YES;
				CLANG_WARN_BLOCK_CAPTURE_AUTORELEASING = YES;
				CLANG_WARN_BOOL_CONVERSION = YES;
				CLANG_WARN_COMMA = YES;
				CLANG_WARN_CONSTANT_CONVERSION = YES;
				CLANG_WARN_DIRECT_OBJC_ISA_USAGE = YES_ERROR;
				CLANG_WARN_DOCUMENTATION_COMMENTS = YES;
				CLANG_WARN_EMPTY_BODY = YES;
				CLANG_WARN_ENUM_CONVERSION = YES;
				CLANG_WARN_INFINITE_RECURSION = YES;
				CLANG_WARN_INT_CONVERSION = YES;
				CLANG_WARN_NON_LITERAL_NULL_CONVERSION = YES;
				CLANG_WARN_OBJC_LITERAL_CONVERSION = YES;
				CLANG_WARN_OBJC_ROOT_CLASS = YES_ERROR;
				CLANG_WARN_RANGE_LOOP_ANALYSIS = YES;
				CLANG_WARN_STRICT_PROTOTYPES = YES;
				CLANG_WARN_SUSPICIOUS_MOVE = YES;
				CLANG_WARN_UNGUARDED_AVAILABILITY = YES_AGGRESSIVE;
				CLANG_WARN_UNREACHABLE_CODE = YES;
				CLANG_WARN__DUPLICATE_METHOD_MATCH = YES;
				CODE_SIGN_IDENTITY = "-";
				COPY_PHASE_STRIP = NO;
				DEBUG_INFORMATION_FORMAT = dwarf;
				ENABLE_STRICT_OBJC_MSGSEND = YES;
				ENABLE_TESTABILITY = YES;
				GCC_C_LANGUAGE_STANDARD = gnu11;
				GCC_DYNAMIC_NO_PIC = NO;
				GCC_NO_COMMON_BLOCKS = YES;
				GCC_OPTIMIZATION_LEVEL = 0;
				GCC_PREPROCESSOR_DEFINITIONS = (
					"DEBUG=1",
					"$(inherited)",
				);
				GCC_WARN_64_TO_32_BIT_CONVERSION = YES;
				GCC_WARN_ABOUT_RETURN_TYPE = YES_ERROR;
				GCC_WARN_UNDECLARED_SELECTOR = YES;
				GCC_WARN_UNINITIALIZED_AUTOS = YES_AGGRESSIVE;
				GCC_WARN_UNUSED_FUNCTION = YES;
				GCC_WARN_UNUSED_VARIABLE = YES;
				MACOSX_DEPLOYMENT_TARGET = 10.12;
				MTL_ENABLE_DEBUG_INFO = YES;
				ONLY_ACTIVE_ARCH = YES;
				SDKROOT = macosx;
			};
			name = Debug;
		};
		A26E5C781F5145AB000BCC66 /* Release */ = {
			isa = XCBuildConfiguration;
			buildSettings = {
				ALWAYS_SEARCH_USER_PATHS = NO;
				CLANG_ANALYZER_NONNULL = YES;
				CLANG_ANALYZER_NUMBER_OBJECT_CONVERSION = YES_AGGRESSIVE;
				CLANG_CXX_LANGUAGE_STANDARD = "gnu++14";
				CLANG_CXX_LIBRARY = "libc++";
				CLANG_ENABLE_MODULES = YES;
				CLANG_ENABLE_OBJC_ARC = YES;
				CLANG_WARN_BLOCK_CAPTURE_AUTORELEASING = YES;
				CLANG_WARN_BOOL_CONVERSION = YES;
				CLANG_WARN_COMMA = YES;
				CLANG_WARN_CONSTANT_CONVERSION = YES;
				CLANG_WARN_DIRECT_OBJC_ISA_USAGE = YES_ERROR;
				CLANG_WARN_DOCUMENTATION_COMMENTS = YES;
				CLANG_WARN_EMPTY_BODY = YES;
				CLANG_WARN_ENUM_CONVERSION = YES;
				CLANG_WARN_INFINITE_RECURSION = YES;
				CLANG_WARN_INT_CONVERSION = YES;
				CLANG_WARN_NON_LITERAL_NULL_CONVERSION = YES;
				CLANG_WARN_OBJC_LITERAL_CONVERSION = YES;
				CLANG_WARN_OBJC_ROOT_CLASS = YES_ERROR;
				CLANG_WARN_RANGE_LOOP_ANALYSIS = YES;
				CLANG_WARN_STRICT_PROTOTYPES = YES;
				CLANG_WARN_SUSPICIOUS_MOVE = YES;
				CLANG_WARN_UNGUARDED_AVAILABILITY = YES_AGGRESSIVE;
				CLANG_WARN_UNREACHABLE_CODE = YES;
				CLANG_WARN__DUPLICATE_METHOD_MATCH = YES;
				CODE_SIGN_IDENTITY = "-";
				COPY_PHASE_STRIP = NO;
				DEBUG_INFORMATION_FORMAT = "dwarf-with-dsym";
				ENABLE_NS_ASSERTIONS = NO;
				ENABLE_STRICT_OBJC_MSGSEND = YES;
				GCC_C_LANGUAGE_STANDARD = gnu11;
				GCC_NO_COMMON_BLOCKS = YES;
				GCC_WARN_64_TO_32_BIT_CONVERSION = YES;
				GCC_WARN_ABOUT_RETURN_TYPE = YES_ERROR;
				GCC_WARN_UNDECLARED_SELECTOR = YES;
				GCC_WARN_UNINITIALIZED_AUTOS = YES_AGGRESSIVE;
				GCC_WARN_UNUSED_FUNCTION = YES;
				GCC_WARN_UNUSED_VARIABLE = YES;
				MACOSX_DEPLOYMENT_TARGET = 10.12;
				MTL_ENABLE_DEBUG_INFO = NO;
				SDKROOT = macosx;
			};
			name = Release;
		};
		A26E5C7A1F5145AB000BCC66 /* Debug */ = {
			isa = XCBuildConfiguration;
			buildSettings = {
				CLANG_ENABLE_MODULES = YES;
				COMBINE_HIDPI_IMAGES = YES;
				INFOPLIST_FILE = XVim2/Info.plist;
				INSTALL_PATH = "$(LOCAL_LIBRARY_DIR)/Bundles";
				LD_RUNPATH_SEARCH_PATHS = "$(inherited) @executable_path/../Frameworks @loader_path/../Frameworks";
				PRODUCT_BUNDLE_IDENTIFIER = net.JugglerShu.XVim2;
				PRODUCT_NAME = "$(TARGET_NAME)";
				SKIP_INSTALL = YES;
				SWIFT_OBJC_BRIDGING_HEADER = "XVim2-Bridging-Header.h";
				SWIFT_OPTIMIZATION_LEVEL = "-Onone";
				SWIFT_VERSION = 3.0;
				WRAPPER_EXTENSION = xcplugin;
			};
			name = Debug;
		};
		A26E5C7B1F5145AB000BCC66 /* Release */ = {
			isa = XCBuildConfiguration;
			buildSettings = {
				CLANG_ENABLE_MODULES = YES;
				COMBINE_HIDPI_IMAGES = YES;
				INFOPLIST_FILE = XVim2/Info.plist;
				INSTALL_PATH = "$(LOCAL_LIBRARY_DIR)/Bundles";
				LD_RUNPATH_SEARCH_PATHS = "$(inherited) @executable_path/../Frameworks @loader_path/../Frameworks";
				PRODUCT_BUNDLE_IDENTIFIER = net.JugglerShu.XVim2;
				PRODUCT_NAME = "$(TARGET_NAME)";
				SKIP_INSTALL = YES;
				SWIFT_OBJC_BRIDGING_HEADER = "XVim2-Bridging-Header.h";
				SWIFT_VERSION = 3.0;
				WRAPPER_EXTENSION = xcplugin;
			};
			name = Release;
		};
/* End XCBuildConfiguration section */

/* Begin XCConfigurationList section */
		A26E5C6E1F5145AB000BCC66 /* Build configuration list for PBXProject "XVim2" */ = {
			isa = XCConfigurationList;
			buildConfigurations = (
				A26E5C771F5145AB000BCC66 /* Debug */,
				A26E5C781F5145AB000BCC66 /* Release */,
			);
			defaultConfigurationIsVisible = 0;
			defaultConfigurationName = Release;
		};
		A26E5C791F5145AB000BCC66 /* Build configuration list for PBXNativeTarget "XVim2" */ = {
			isa = XCConfigurationList;
			buildConfigurations = (
				A26E5C7A1F5145AB000BCC66 /* Debug */,
				A26E5C7B1F5145AB000BCC66 /* Release */,
			);
			defaultConfigurationIsVisible = 0;
			defaultConfigurationName = Release;
		};
/* End XCConfigurationList section */
	};
	rootObject = A26E5C6B1F5145AB000BCC66 /* Project object */;
}
